// !$*UTF8*$!
{
	archiveVersion = 1;
	classes = {
	};
	objectVersion = 77;
	objects = {

/* Begin PBXBuildFile section */
		099D98FB808E38DA7F0FFD64 /* Assets.xcassets in Resources */ = {isa = PBXBuildFile; fileRef = CAF685AA57AB8FDB563F9AD5 /* Assets.xcassets */; };
		0A0759727B1904215FD52000 /* ExerciseModel.swift in Sources */ = {isa = PBXBuildFile; fileRef = DCD0A9C845172A0831E4534C /* ExerciseModel.swift */; };
		0DAB9E031AB49B0302294E3A /* DGTabBar.swift in Sources */ = {isa = PBXBuildFile; fileRef = 5A65323AA2A8D0AAF962C267 /* DGTabBar.swift */; };
		0DBF75078E936A83EEDAC4A5 /* BackfillSheet.swift in Sources */ = {isa = PBXBuildFile; fileRef = FC536C0ED4E56FD794B1218A /* BackfillSheet.swift */; };
		143865B3EAF2C0BF84DE73A2 /* HistoryTabView.swift in Sources */ = {isa = PBXBuildFile; fileRef = B3BCBE28EAB076781A15DA9F /* HistoryTabView.swift */; };
		15F922A4AE61D6D0B40546FC /* ExerciseDetailView.swift in Sources */ = {isa = PBXBuildFile; fileRef = 5321036DA6A556A73507E11F /* ExerciseDetailView.swift */; };
		167D91BD7D4748AC426A7631 /* BodyMapView.swift in Sources */ = {isa = PBXBuildFile; fileRef = ECA0C63E34DD9511EA871B10 /* BodyMapView.swift */; };
		1A28437B32CD10EDF819E647 /* WorkoutStoreHistoryDetailTests.swift in Sources */ = {isa = PBXBuildFile; fileRef = FA16875096EDB139E4ADF3B6 /* WorkoutStoreHistoryDetailTests.swift */; };
		247E2212B3E685BBF24922C2 /* LibraryView.swift in Sources */ = {isa = PBXBuildFile; fileRef = 774832CFA5DC9762C5262881 /* LibraryView.swift */; };
		27C295B5CE7F282DE1D8A200 /* EffortPickerSheet.swift in Sources */ = {isa = PBXBuildFile; fileRef = 9E063268B9CA1D9A8852ECC8 /* EffortPickerSheet.swift */; };
		295C59DD62EC46BD1E848294 /* Haptics.swift in Sources */ = {isa = PBXBuildFile; fileRef = F08C900454CF8A87465BFA4C /* Haptics.swift */; };
		2D1BD71AA79CEDAD5F868BAE /* SampleData.swift in Sources */ = {isa = PBXBuildFile; fileRef = 166B7D3BC36AE195104A378E /* SampleData.swift */; };
		35D19CD161CA7426769D0D10 /* ExerciseCard.swift in Sources */ = {isa = PBXBuildFile; fileRef = F55AD0BA13E3978993D93CC7 /* ExerciseCard.swift */; };
		361159218E3BDE82A90B155B /* WorkoutSession+TimedHold.swift in Sources */ = {isa = PBXBuildFile; fileRef = 92AF0F1F5C910BD0D8A49B9F /* WorkoutSession+TimedHold.swift */; };
		36EF661426F2A798F92F10F9 /* DebugRoute.swift in Sources */ = {isa = PBXBuildFile; fileRef = 3C0F778F4649F7FCE0C2C113 /* DebugRoute.swift */; };
		38B14308B51A4066F2383ADA /* BarlowCondensed-ExtraBold.ttf in Resources */ = {isa = PBXBuildFile; fileRef = 6E798BFEA7AF9CEA9AD1F920 /* BarlowCondensed-ExtraBold.ttf */; };
		39CC28E4F6C046B4071489BE /* WatchContentView.swift in Sources */ = {isa = PBXBuildFile; fileRef = B8352ACA24E037B67CD756DA /* WatchContentView.swift */; };
		3B917C21F38D41AB3894D378 /* RoutinesTabView.swift in Sources */ = {isa = PBXBuildFile; fileRef = 1CD7BD5802D9DBCC633A5B92 /* RoutinesTabView.swift */; };
		4540906C6BB4F2DF148AF801 /* RoutineSeeder.swift in Sources */ = {isa = PBXBuildFile; fileRef = ECF8AA203AB0AF59C5999D9B /* RoutineSeeder.swift */; };
		4743FA4F5C393EB36DA43C05 /* RoutineModel.swift in Sources */ = {isa = PBXBuildFile; fileRef = E0554DBEB43BD81AF3BAA6C5 /* RoutineModel.swift */; };
		4BE1C6A5BA8AF8E1C36BF9E4 /* ExercisePickerSheet.swift in Sources */ = {isa = PBXBuildFile; fileRef = 6B25EDDEF246F3706E22AE7C /* ExercisePickerSheet.swift */; };
		4CC064E2F4BB223366680B0A /* RoutineExerciseModel.swift in Sources */ = {isa = PBXBuildFile; fileRef = 8F5D706FFFD7DFE212140836 /* RoutineExerciseModel.swift */; };
		4D0D6CDD48CDFF24FEB4DFAF /* OFL.txt in Resources */ = {isa = PBXBuildFile; fileRef = 82BCDE3C6CF02D9AA5857791 /* OFL.txt */; };
		50DC855A808D96A7AD0FE0A5 /* GymCore in Frameworks */ = {isa = PBXBuildFile; productRef = B5415C7A871FCDE9EF5B9F89 /* GymCore */; };
		555D1E931E2988248086662E /* WorkoutStore+Workouts.swift in Sources */ = {isa = PBXBuildFile; fileRef = 9CC8B372F488A463B6688F03 /* WorkoutStore+Workouts.swift */; };
		5627DA2A3483E811EB060321 /* ExerciseSeederTests.swift in Sources */ = {isa = PBXBuildFile; fileRef = 89F6B0F8D11A8D44EDD6F1A7 /* ExerciseSeederTests.swift */; };
		584A8655C903A15F377BB218 /* SetLogModel.swift in Sources */ = {isa = PBXBuildFile; fileRef = 9B4DFBDECD42C5515967609D /* SetLogModel.swift */; };
		5B471B54DBD46F608DAC4DF3 /* TimedHoldView.swift in Sources */ = {isa = PBXBuildFile; fileRef = 2B1A08F988F8C2DBFDA40F16 /* TimedHoldView.swift */; };
		5DA484FE569EF325424E387E /* BarlowCondensed-Bold.ttf in Resources */ = {isa = PBXBuildFile; fileRef = 60467206A6445CF9C90A6AD0 /* BarlowCondensed-Bold.ttf */; };
		61EBBCCC2247A0F22D48E425 /* PersonalRecordModel.swift in Sources */ = {isa = PBXBuildFile; fileRef = 2C7810FBFFBF722560AE4D3C /* PersonalRecordModel.swift */; };
		6D9A72191F742E8C82CBA3EA /* Mapping.swift in Sources */ = {isa = PBXBuildFile; fileRef = E4A872EB33B1384FE0ED4D81 /* Mapping.swift */; };
		70F5C53B2758041C1298E58D /* DaGymApp.swift in Sources */ = {isa = PBXBuildFile; fileRef = 8717531770A29F8325F2EB0B /* DaGymApp.swift */; };
		7481ED5EBAB5D0D3B1DA9001 /* exercises.json in Resources */ = {isa = PBXBuildFile; fileRef = D5188FDBBC38087B09BC7B21 /* exercises.json */; };
		7707F6B9DA62321D03D49A0B /* BodyMeasurementModel.swift in Sources */ = {isa = PBXBuildFile; fileRef = 82C3027AF2B0D036A6C8B457 /* BodyMeasurementModel.swift */; };
		78D8B980658C9093FFFFB3DE /* RootView.swift in Sources */ = {isa = PBXBuildFile; fileRef = EAF4D75924B68BE913338D55 /* RootView.swift */; };
		7A318F77DC9D9DC0F3371C75 /* ActiveWorkoutView+Actions.swift in Sources */ = {isa = PBXBuildFile; fileRef = 65A79B5E7105CA97F8EC7EB2 /* ActiveWorkoutView+Actions.swift */; };
		7BF666E19DD83913DA2B147D /* WorkoutStore+History.swift in Sources */ = {isa = PBXBuildFile; fileRef = 616473E7EB95DA273C5E34A0 /* WorkoutStore+History.swift */; };
		7EE43DCD30AF8622C8521585 /* WorkoutSummaryView.swift in Sources */ = {isa = PBXBuildFile; fileRef = 822D9FBF9D20359A5957F93C /* WorkoutSummaryView.swift */; };
		813B4CE8DB399FB9B1B3ACD4 /* WorkoutStoreExerciseTests.swift in Sources */ = {isa = PBXBuildFile; fileRef = 23BC27E21ADA469224375200 /* WorkoutStoreExerciseTests.swift */; };
		844D552C11A1297F7EDC167B /* RestPill.swift in Sources */ = {isa = PBXBuildFile; fileRef = CACDF5BC2ABC3661B7260780 /* RestPill.swift */; };
		84666E469085E7E75C9971E8 /* DaGymWatchApp.swift in Sources */ = {isa = PBXBuildFile; fileRef = 0FC8CDB0B5EE660BED778EE9 /* DaGymWatchApp.swift */; };
		8840056039BF6C6302C45AA2 /* WorkoutStore+Routines.swift in Sources */ = {isa = PBXBuildFile; fileRef = 2ED6616103AA617079D893F4 /* WorkoutStore+Routines.swift */; };
		8E1ED2BE6E4A6E0B7F1525E1 /* Assets.xcassets in Resources */ = {isa = PBXBuildFile; fileRef = 67DC1845FA4F32B5823BD72A /* Assets.xcassets */; };
		8F182B68EC2671F761D5FFF7 /* GymCore in Frameworks */ = {isa = PBXBuildFile; productRef = C60FDF5056E3A84A5E1E1D8A /* GymCore */; };
		8FFDB83146CA8B260429B7A3 /* BarlowCondensed-SemiBold.ttf in Resources */ = {isa = PBXBuildFile; fileRef = 40B690236ABB129251ED597D /* BarlowCondensed-SemiBold.ttf */; };
		9037425EF721D80CFD06877F /* ActiveWorkoutView.swift in Sources */ = {isa = PBXBuildFile; fileRef = D83C359F22BCCAC039782688 /* ActiveWorkoutView.swift */; };
		909D0E38BB34805981050B5F /* DGColor.swift in Sources */ = {isa = PBXBuildFile; fileRef = B9F94746A4C81740E6F1A24A /* DGColor.swift */; };
		91CD51D59489EE0FC6CA1BE7 /* Barlow-Regular.ttf in Resources */ = {isa = PBXBuildFile; fileRef = 55A8D8B20A6C8F10E1803F77 /* Barlow-Regular.ttf */; };
		94C887C6A8E11FE1820EC7A1 /* Barlow-SemiBold.ttf in Resources */ = {isa = PBXBuildFile; fileRef = 67A0E9AB4CEB161542104FBD /* Barlow-SemiBold.ttf */; };
		95CD112B98D96C82090519DD /* HistoryView.swift in Sources */ = {isa = PBXBuildFile; fileRef = 1B37B73680D1B09B371850B4 /* HistoryView.swift */; };
		963E8588CFC551912DF5BF47 /* PreviewStore.swift in Sources */ = {isa = PBXBuildFile; fileRef = 1007D04D8CE035A7830932A7 /* PreviewStore.swift */; };
		9651FBC5AC373BF905FCFA0C /* SwapExerciseSheet.swift in Sources */ = {isa = PBXBuildFile; fileRef = A73018D54FC410F3EC9EE72A /* SwapExerciseSheet.swift */; };
		9672238D7D5955E85CFDD760 /* WorkoutStoreRoutineTests.swift in Sources */ = {isa = PBXBuildFile; fileRef = 29BC628AD53FC8CF7E8C961D /* WorkoutStoreRoutineTests.swift */; };
		9E2D44409522E5E4F6408977 /* WorkoutStore.swift in Sources */ = {isa = PBXBuildFile; fileRef = 4E774BF51229F91063E746C2 /* WorkoutStore.swift */; };
		A6BF17B2CC97F2A686E4C99A /* WorkoutDetailView.swift in Sources */ = {isa = PBXBuildFile; fileRef = 8A2677DD0B9E9707BC1B5D15 /* WorkoutDetailView.swift */; };
		AACE7FE7EFD05A3E15736F56 /* ExerciseSeeder.swift in Sources */ = {isa = PBXBuildFile; fileRef = A358416F32FED3696A51FAE9 /* ExerciseSeeder.swift */; };
		B3839C96422634F3643CABAF /* WorkoutStoreActiveWorkoutTests.swift in Sources */ = {isa = PBXBuildFile; fileRef = C5A818C26F5D10890681FC2F /* WorkoutStoreActiveWorkoutTests.swift */; };
		B3A264761D9882D9FAC43297 /* Glass.swift in Sources */ = {isa = PBXBuildFile; fileRef = A5F5264082EE33C78A1AECC2 /* Glass.swift */; };
		B4D5072E5D08A761EB970553 /* WeightKeypadSheet.swift in Sources */ = {isa = PBXBuildFile; fileRef = 1B186C09CA047984ED76D008 /* WeightKeypadSheet.swift */; };
		B6E2FE96D303800A1BA74B5D /* WorkoutExerciseModel.swift in Sources */ = {isa = PBXBuildFile; fileRef = 85009CCF829B746DC560D6BE /* WorkoutExerciseModel.swift */; };
		BA280D6FFBF8584761C8A6BE /* Controls.swift in Sources */ = {isa = PBXBuildFile; fileRef = AD7CF01AF948943427CD1718 /* Controls.swift */; };
		BABCACF1F17B3338E0BB947F /* RestTimerView.swift in Sources */ = {isa = PBXBuildFile; fileRef = B1C2D7CC184E55C4054017B7 /* RestTimerView.swift */; };
		BD3F4A0955DA35FA250B1BCE /* WorkoutStore+Exercises.swift in Sources */ = {isa = PBXBuildFile; fileRef = DB337D163F4E1DBF62E0E999 /* WorkoutStore+Exercises.swift */; };
		C0482D4622E733F233492250 /* WorkoutStoreWorkoutTests.swift in Sources */ = {isa = PBXBuildFile; fileRef = 0BE2B92D46C738625AB18ABB /* WorkoutStoreWorkoutTests.swift */; };
		C49BDF9CB0462C125F6599B1 /* WorkoutModel.swift in Sources */ = {isa = PBXBuildFile; fileRef = B9199574FB5284A07E2DE498 /* WorkoutModel.swift */; };
		C7EF9BF1031AB6055157FDDB /* DGLayout.swift in Sources */ = {isa = PBXBuildFile; fileRef = 641F6C219560B1EE79055A92 /* DGLayout.swift */; };
		CABE4C283B7A7DCC85A55884 /* DGFont.swift in Sources */ = {isa = PBXBuildFile; fileRef = A66BAEB912393A2A3B2744C0 /* DGFont.swift */; };
		D081174DB0C3EC79C358B66E /* RoutineSeederTests.swift in Sources */ = {isa = PBXBuildFile; fileRef = FC146DC1A6A7863CCADA868E /* RoutineSeederTests.swift */; };
		D3844F3976FB90BC86FA20CB /* WorkoutStoreRecoveryTests.swift in Sources */ = {isa = PBXBuildFile; fileRef = FA0942321AE571C8CBC70F88 /* WorkoutStoreRecoveryTests.swift */; };
		DA93FBEB402CE93D92E413C9 /* Models.swift in Sources */ = {isa = PBXBuildFile; fileRef = 64E9F3AD2258DD495A1B01FE /* Models.swift */; };
		DAB404015B25B006B20F0619 /* Barlow-Medium.ttf in Resources */ = {isa = PBXBuildFile; fileRef = E1913909E9F20F14DFB2B72E /* Barlow-Medium.ttf */; };
		DC0B3B9008FC58BE390771AE /* PlannedSetModel.swift in Sources */ = {isa = PBXBuildFile; fileRef = E824AA9399F03F1698BF3623 /* PlannedSetModel.swift */; };
		DC113E02CB4F6A6F7006C5AD /* RoutineBuilderView.swift in Sources */ = {isa = PBXBuildFile; fileRef = 677A54BBB011C822C4127982 /* RoutineBuilderView.swift */; };
		DCDC7B0021341EDF32D80266 /* HomeView.swift in Sources */ = {isa = PBXBuildFile; fileRef = 64DC1A5B8A7BEE57EDCF7FA4 /* HomeView.swift */; };
		DF759EC1C1A379CEEAA76EAB /* ReorderExercisesSheet.swift in Sources */ = {isa = PBXBuildFile; fileRef = D0691DBDE8A15B163E14A634 /* ReorderExercisesSheet.swift */; };
		E55CD17FE71968B73FC45F14 /* DebugScreenView.swift in Sources */ = {isa = PBXBuildFile; fileRef = 5182F9E2772C02B0E77A628A /* DebugScreenView.swift */; };
		EE318D2CDA56A53D5E29ED06 /* DaGymTests.swift in Sources */ = {isa = PBXBuildFile; fileRef = EA759CCC6F79FAA7D158DD99 /* DaGymTests.swift */; };
		F21D4206F1BD3E031E4DF6D5 /* Barlow-Bold.ttf in Resources */ = {isa = PBXBuildFile; fileRef = 9C8CC141FAAE481D83886ADA /* Barlow-Bold.ttf */; };
		F34EFBEBAB8ACEA064E01B29 /* NewExerciseSheet.swift in Sources */ = {isa = PBXBuildFile; fileRef = 4439CCD7E47922B8A91E1116 /* NewExerciseSheet.swift */; };
		F5974C3C87257D796714F72C /* SetRow.swift in Sources */ = {isa = PBXBuildFile; fileRef = F4B5F7A34AEA43838E5DDF10 /* SetRow.swift */; };
		F96472F510F9B9A30C147F7E /* ModelContainer+DaGym.swift in Sources */ = {isa = PBXBuildFile; fileRef = 1C33A8B30AF9D88CF1A5B153 /* ModelContainer+DaGym.swift */; };
/* End PBXBuildFile section */

/* Begin PBXContainerItemProxy section */
		E9A64868945CDCE4CD919BC6 /* PBXContainerItemProxy */ = {
			isa = PBXContainerItemProxy;
			containerPortal = F194ECFF5A29CCD2B94E11CB /* Project object */;
			proxyType = 1;
			remoteGlobalIDString = 47425627A40A2C4C2F78DE64;
			remoteInfo = DaGym;
		};
/* End PBXContainerItemProxy section */

/* Begin PBXFileReference section */
		0BE2B92D46C738625AB18ABB /* WorkoutStoreWorkoutTests.swift */ = {isa = PBXFileReference; lastKnownFileType = sourcecode.swift; path = WorkoutStoreWorkoutTests.swift; sourceTree = "<group>"; };
		0FC8CDB0B5EE660BED778EE9 /* DaGymWatchApp.swift */ = {isa = PBXFileReference; lastKnownFileType = sourcecode.swift; path = DaGymWatchApp.swift; sourceTree = "<group>"; };
		1007D04D8CE035A7830932A7 /* PreviewStore.swift */ = {isa = PBXFileReference; lastKnownFileType = sourcecode.swift; path = PreviewStore.swift; sourceTree = "<group>"; };
		11029A7078E7CC7D8CE87277 /* GymCore */ = {isa = PBXFileReference; lastKnownFileType = folder; name = GymCore; path = GymCore; sourceTree = SOURCE_ROOT; };
		166B7D3BC36AE195104A378E /* SampleData.swift */ = {isa = PBXFileReference; lastKnownFileType = sourcecode.swift; path = SampleData.swift; sourceTree = "<group>"; };
		1B186C09CA047984ED76D008 /* WeightKeypadSheet.swift */ = {isa = PBXFileReference; lastKnownFileType = sourcecode.swift; path = WeightKeypadSheet.swift; sourceTree = "<group>"; };
		1B37B73680D1B09B371850B4 /* HistoryView.swift */ = {isa = PBXFileReference; lastKnownFileType = sourcecode.swift; path = HistoryView.swift; sourceTree = "<group>"; };
		1C33A8B30AF9D88CF1A5B153 /* ModelContainer+DaGym.swift */ = {isa = PBXFileReference; lastKnownFileType = sourcecode.swift; path = "ModelContainer+DaGym.swift"; sourceTree = "<group>"; };
		1CD7BD5802D9DBCC633A5B92 /* RoutinesTabView.swift */ = {isa = PBXFileReference; lastKnownFileType = sourcecode.swift; path = RoutinesTabView.swift; sourceTree = "<group>"; };
		23BC27E21ADA469224375200 /* WorkoutStoreExerciseTests.swift */ = {isa = PBXFileReference; lastKnownFileType = sourcecode.swift; path = WorkoutStoreExerciseTests.swift; sourceTree = "<group>"; };
		29BC628AD53FC8CF7E8C961D /* WorkoutStoreRoutineTests.swift */ = {isa = PBXFileReference; lastKnownFileType = sourcecode.swift; path = WorkoutStoreRoutineTests.swift; sourceTree = "<group>"; };
		2B1A08F988F8C2DBFDA40F16 /* TimedHoldView.swift */ = {isa = PBXFileReference; lastKnownFileType = sourcecode.swift; path = TimedHoldView.swift; sourceTree = "<group>"; };
		2C7810FBFFBF722560AE4D3C /* PersonalRecordModel.swift */ = {isa = PBXFileReference; lastKnownFileType = sourcecode.swift; path = PersonalRecordModel.swift; sourceTree = "<group>"; };
		2ED6616103AA617079D893F4 /* WorkoutStore+Routines.swift */ = {isa = PBXFileReference; lastKnownFileType = sourcecode.swift; path = "WorkoutStore+Routines.swift"; sourceTree = "<group>"; };
		322B0B989D0342102B96A59D /* DaGym.app */ = {isa = PBXFileReference; includeInIndex = 0; lastKnownFileType = wrapper.application; path = DaGym.app; sourceTree = BUILT_PRODUCTS_DIR; };
		3C0F778F4649F7FCE0C2C113 /* DebugRoute.swift */ = {isa = PBXFileReference; lastKnownFileType = sourcecode.swift; path = DebugRoute.swift; sourceTree = "<group>"; };
		40B690236ABB129251ED597D /* BarlowCondensed-SemiBold.ttf */ = {isa = PBXFileReference; lastKnownFileType = file; path = "BarlowCondensed-SemiBold.ttf"; sourceTree = "<group>"; };
		4439CCD7E47922B8A91E1116 /* NewExerciseSheet.swift */ = {isa = PBXFileReference; lastKnownFileType = sourcecode.swift; path = NewExerciseSheet.swift; sourceTree = "<group>"; };
		4E774BF51229F91063E746C2 /* WorkoutStore.swift */ = {isa = PBXFileReference; lastKnownFileType = sourcecode.swift; path = WorkoutStore.swift; sourceTree = "<group>"; };
		5182F9E2772C02B0E77A628A /* DebugScreenView.swift */ = {isa = PBXFileReference; lastKnownFileType = sourcecode.swift; path = DebugScreenView.swift; sourceTree = "<group>"; };
		5321036DA6A556A73507E11F /* ExerciseDetailView.swift */ = {isa = PBXFileReference; lastKnownFileType = sourcecode.swift; path = ExerciseDetailView.swift; sourceTree = "<group>"; };
		55A8D8B20A6C8F10E1803F77 /* Barlow-Regular.ttf */ = {isa = PBXFileReference; lastKnownFileType = file; path = "Barlow-Regular.ttf"; sourceTree = "<group>"; };
		5A65323AA2A8D0AAF962C267 /* DGTabBar.swift */ = {isa = PBXFileReference; lastKnownFileType = sourcecode.swift; path = DGTabBar.swift; sourceTree = "<group>"; };
		60467206A6445CF9C90A6AD0 /* BarlowCondensed-Bold.ttf */ = {isa = PBXFileReference; lastKnownFileType = file; path = "BarlowCondensed-Bold.ttf"; sourceTree = "<group>"; };
		616473E7EB95DA273C5E34A0 /* WorkoutStore+History.swift */ = {isa = PBXFileReference; lastKnownFileType = sourcecode.swift; path = "WorkoutStore+History.swift"; sourceTree = "<group>"; };
		63E53D41E32894768B328F1C /* Info.plist */ = {isa = PBXFileReference; lastKnownFileType = text.plist; path = Info.plist; sourceTree = "<group>"; };
		641F6C219560B1EE79055A92 /* DGLayout.swift */ = {isa = PBXFileReference; lastKnownFileType = sourcecode.swift; path = DGLayout.swift; sourceTree = "<group>"; };
		64DC1A5B8A7BEE57EDCF7FA4 /* HomeView.swift */ = {isa = PBXFileReference; lastKnownFileType = sourcecode.swift; path = HomeView.swift; sourceTree = "<group>"; };
		64E9F3AD2258DD495A1B01FE /* Models.swift */ = {isa = PBXFileReference; lastKnownFileType = sourcecode.swift; path = Models.swift; sourceTree = "<group>"; };
		65A79B5E7105CA97F8EC7EB2 /* ActiveWorkoutView+Actions.swift */ = {isa = PBXFileReference; lastKnownFileType = sourcecode.swift; path = "ActiveWorkoutView+Actions.swift"; sourceTree = "<group>"; };
		677A54BBB011C822C4127982 /* RoutineBuilderView.swift */ = {isa = PBXFileReference; lastKnownFileType = sourcecode.swift; path = RoutineBuilderView.swift; sourceTree = "<group>"; };
		67A0E9AB4CEB161542104FBD /* Barlow-SemiBold.ttf */ = {isa = PBXFileReference; lastKnownFileType = file; path = "Barlow-SemiBold.ttf"; sourceTree = "<group>"; };
		67DC1845FA4F32B5823BD72A /* Assets.xcassets */ = {isa = PBXFileReference; lastKnownFileType = folder.assetcatalog; path = Assets.xcassets; sourceTree = "<group>"; };
		6B25EDDEF246F3706E22AE7C /* ExercisePickerSheet.swift */ = {isa = PBXFileReference; lastKnownFileType = sourcecode.swift; path = ExercisePickerSheet.swift; sourceTree = "<group>"; };
		6E798BFEA7AF9CEA9AD1F920 /* BarlowCondensed-ExtraBold.ttf */ = {isa = PBXFileReference; lastKnownFileType = file; path = "BarlowCondensed-ExtraBold.ttf"; sourceTree = "<group>"; };
		774832CFA5DC9762C5262881 /* LibraryView.swift */ = {isa = PBXFileReference; lastKnownFileType = sourcecode.swift; path = LibraryView.swift; sourceTree = "<group>"; };
		822D9FBF9D20359A5957F93C /* WorkoutSummaryView.swift */ = {isa = PBXFileReference; lastKnownFileType = sourcecode.swift; path = WorkoutSummaryView.swift; sourceTree = "<group>"; };
		82BCDE3C6CF02D9AA5857791 /* OFL.txt */ = {isa = PBXFileReference; lastKnownFileType = text; path = OFL.txt; sourceTree = "<group>"; };
		82C3027AF2B0D036A6C8B457 /* BodyMeasurementModel.swift */ = {isa = PBXFileReference; lastKnownFileType = sourcecode.swift; path = BodyMeasurementModel.swift; sourceTree = "<group>"; };
		85009CCF829B746DC560D6BE /* WorkoutExerciseModel.swift */ = {isa = PBXFileReference; lastKnownFileType = sourcecode.swift; path = WorkoutExerciseModel.swift; sourceTree = "<group>"; };
		8717531770A29F8325F2EB0B /* DaGymApp.swift */ = {isa = PBXFileReference; lastKnownFileType = sourcecode.swift; path = DaGymApp.swift; sourceTree = "<group>"; };
		89F6B0F8D11A8D44EDD6F1A7 /* ExerciseSeederTests.swift */ = {isa = PBXFileReference; lastKnownFileType = sourcecode.swift; path = ExerciseSeederTests.swift; sourceTree = "<group>"; };
		8A2677DD0B9E9707BC1B5D15 /* WorkoutDetailView.swift */ = {isa = PBXFileReference; lastKnownFileType = sourcecode.swift; path = WorkoutDetailView.swift; sourceTree = "<group>"; };
		8F5D706FFFD7DFE212140836 /* RoutineExerciseModel.swift */ = {isa = PBXFileReference; lastKnownFileType = sourcecode.swift; path = RoutineExerciseModel.swift; sourceTree = "<group>"; };
		92AF0F1F5C910BD0D8A49B9F /* WorkoutSession+TimedHold.swift */ = {isa = PBXFileReference; lastKnownFileType = sourcecode.swift; path = "WorkoutSession+TimedHold.swift"; sourceTree = "<group>"; };
		98BF80AF0A9C7BEDF8FC2C99 /* DaGymWatch.app */ = {isa = PBXFileReference; explicitFileType = wrapper.application; includeInIndex = 0; path = DaGymWatch.app; sourceTree = BUILT_PRODUCTS_DIR; };
		9B4DFBDECD42C5515967609D /* SetLogModel.swift */ = {isa = PBXFileReference; lastKnownFileType = sourcecode.swift; path = SetLogModel.swift; sourceTree = "<group>"; };
		9C8CC141FAAE481D83886ADA /* Barlow-Bold.ttf */ = {isa = PBXFileReference; lastKnownFileType = file; path = "Barlow-Bold.ttf"; sourceTree = "<group>"; };
		9CC8B372F488A463B6688F03 /* WorkoutStore+Workouts.swift */ = {isa = PBXFileReference; lastKnownFileType = sourcecode.swift; path = "WorkoutStore+Workouts.swift"; sourceTree = "<group>"; };
		9E063268B9CA1D9A8852ECC8 /* EffortPickerSheet.swift */ = {isa = PBXFileReference; lastKnownFileType = sourcecode.swift; path = EffortPickerSheet.swift; sourceTree = "<group>"; };
		A358416F32FED3696A51FAE9 /* ExerciseSeeder.swift */ = {isa = PBXFileReference; lastKnownFileType = sourcecode.swift; path = ExerciseSeeder.swift; sourceTree = "<group>"; };
		A5F5264082EE33C78A1AECC2 /* Glass.swift */ = {isa = PBXFileReference; lastKnownFileType = sourcecode.swift; path = Glass.swift; sourceTree = "<group>"; };
		A66BAEB912393A2A3B2744C0 /* DGFont.swift */ = {isa = PBXFileReference; lastKnownFileType = sourcecode.swift; path = DGFont.swift; sourceTree = "<group>"; };
		A73018D54FC410F3EC9EE72A /* SwapExerciseSheet.swift */ = {isa = PBXFileReference; lastKnownFileType = sourcecode.swift; path = SwapExerciseSheet.swift; sourceTree = "<group>"; };
		AD7CF01AF948943427CD1718 /* Controls.swift */ = {isa = PBXFileReference; lastKnownFileType = sourcecode.swift; path = Controls.swift; sourceTree = "<group>"; };
		B0057D72DD6F62004DFBE02A /* Info.plist */ = {isa = PBXFileReference; lastKnownFileType = text.plist; path = Info.plist; sourceTree = "<group>"; };
		B1C2D7CC184E55C4054017B7 /* RestTimerView.swift */ = {isa = PBXFileReference; lastKnownFileType = sourcecode.swift; path = RestTimerView.swift; sourceTree = "<group>"; };
		B3BCBE28EAB076781A15DA9F /* HistoryTabView.swift */ = {isa = PBXFileReference; lastKnownFileType = sourcecode.swift; path = HistoryTabView.swift; sourceTree = "<group>"; };
		B8352ACA24E037B67CD756DA /* WatchContentView.swift */ = {isa = PBXFileReference; lastKnownFileType = sourcecode.swift; path = WatchContentView.swift; sourceTree = "<group>"; };
		B9199574FB5284A07E2DE498 /* WorkoutModel.swift */ = {isa = PBXFileReference; lastKnownFileType = sourcecode.swift; path = WorkoutModel.swift; sourceTree = "<group>"; };
		B9F94746A4C81740E6F1A24A /* DGColor.swift */ = {isa = PBXFileReference; lastKnownFileType = sourcecode.swift; path = DGColor.swift; sourceTree = "<group>"; };
		BD8384C78B1EC97C53FFD465 /* DaGymTests.xctest */ = {isa = PBXFileReference; includeInIndex = 0; lastKnownFileType = wrapper.cfbundle; path = DaGymTests.xctest; sourceTree = BUILT_PRODUCTS_DIR; };
		C5A818C26F5D10890681FC2F /* WorkoutStoreActiveWorkoutTests.swift */ = {isa = PBXFileReference; lastKnownFileType = sourcecode.swift; path = WorkoutStoreActiveWorkoutTests.swift; sourceTree = "<group>"; };
		CACDF5BC2ABC3661B7260780 /* RestPill.swift */ = {isa = PBXFileReference; lastKnownFileType = sourcecode.swift; path = RestPill.swift; sourceTree = "<group>"; };
		CAF685AA57AB8FDB563F9AD5 /* Assets.xcassets */ = {isa = PBXFileReference; lastKnownFileType = folder.assetcatalog; path = Assets.xcassets; sourceTree = "<group>"; };
		D0691DBDE8A15B163E14A634 /* ReorderExercisesSheet.swift */ = {isa = PBXFileReference; lastKnownFileType = sourcecode.swift; path = ReorderExercisesSheet.swift; sourceTree = "<group>"; };
		D5188FDBBC38087B09BC7B21 /* exercises.json */ = {isa = PBXFileReference; lastKnownFileType = text.json; path = exercises.json; sourceTree = "<group>"; };
		D83C359F22BCCAC039782688 /* ActiveWorkoutView.swift */ = {isa = PBXFileReference; lastKnownFileType = sourcecode.swift; path = ActiveWorkoutView.swift; sourceTree = "<group>"; };
		DB337D163F4E1DBF62E0E999 /* WorkoutStore+Exercises.swift */ = {isa = PBXFileReference; lastKnownFileType = sourcecode.swift; path = "WorkoutStore+Exercises.swift"; sourceTree = "<group>"; };
		DCD0A9C845172A0831E4534C /* ExerciseModel.swift */ = {isa = PBXFileReference; lastKnownFileType = sourcecode.swift; path = ExerciseModel.swift; sourceTree = "<group>"; };
		E0554DBEB43BD81AF3BAA6C5 /* RoutineModel.swift */ = {isa = PBXFileReference; lastKnownFileType = sourcecode.swift; path = RoutineModel.swift; sourceTree = "<group>"; };
		E1913909E9F20F14DFB2B72E /* Barlow-Medium.ttf */ = {isa = PBXFileReference; lastKnownFileType = file; path = "Barlow-Medium.ttf"; sourceTree = "<group>"; };
		E4A872EB33B1384FE0ED4D81 /* Mapping.swift */ = {isa = PBXFileReference; lastKnownFileType = sourcecode.swift; path = Mapping.swift; sourceTree = "<group>"; };
		E824AA9399F03F1698BF3623 /* PlannedSetModel.swift */ = {isa = PBXFileReference; lastKnownFileType = sourcecode.swift; path = PlannedSetModel.swift; sourceTree = "<group>"; };
		EA759CCC6F79FAA7D158DD99 /* DaGymTests.swift */ = {isa = PBXFileReference; lastKnownFileType = sourcecode.swift; path = DaGymTests.swift; sourceTree = "<group>"; };
		EAF4D75924B68BE913338D55 /* RootView.swift */ = {isa = PBXFileReference; lastKnownFileType = sourcecode.swift; path = RootView.swift; sourceTree = "<group>"; };
		ECA0C63E34DD9511EA871B10 /* BodyMapView.swift */ = {isa = PBXFileReference; lastKnownFileType = sourcecode.swift; path = BodyMapView.swift; sourceTree = "<group>"; };
		ECF8AA203AB0AF59C5999D9B /* RoutineSeeder.swift */ = {isa = PBXFileReference; lastKnownFileType = sourcecode.swift; path = RoutineSeeder.swift; sourceTree = "<group>"; };
		F08C900454CF8A87465BFA4C /* Haptics.swift */ = {isa = PBXFileReference; lastKnownFileType = sourcecode.swift; path = Haptics.swift; sourceTree = "<group>"; };
		F4B5F7A34AEA43838E5DDF10 /* SetRow.swift */ = {isa = PBXFileReference; lastKnownFileType = sourcecode.swift; path = SetRow.swift; sourceTree = "<group>"; };
		F55AD0BA13E3978993D93CC7 /* ExerciseCard.swift */ = {isa = PBXFileReference; lastKnownFileType = sourcecode.swift; path = ExerciseCard.swift; sourceTree = "<group>"; };
		FA0942321AE571C8CBC70F88 /* WorkoutStoreRecoveryTests.swift */ = {isa = PBXFileReference; lastKnownFileType = sourcecode.swift; path = WorkoutStoreRecoveryTests.swift; sourceTree = "<group>"; };
		FA16875096EDB139E4ADF3B6 /* WorkoutStoreHistoryDetailTests.swift */ = {isa = PBXFileReference; lastKnownFileType = sourcecode.swift; path = WorkoutStoreHistoryDetailTests.swift; sourceTree = "<group>"; };
		FC146DC1A6A7863CCADA868E /* RoutineSeederTests.swift */ = {isa = PBXFileReference; lastKnownFileType = sourcecode.swift; path = RoutineSeederTests.swift; sourceTree = "<group>"; };
		FC536C0ED4E56FD794B1218A /* BackfillSheet.swift */ = {isa = PBXFileReference; lastKnownFileType = sourcecode.swift; path = BackfillSheet.swift; sourceTree = "<group>"; };
/* End PBXFileReference section */

/* Begin PBXFrameworksBuildPhase section */
		BC5F88364B85986BC04136F6 /* Frameworks */ = {
			isa = PBXFrameworksBuildPhase;
			buildActionMask = 2147483647;
			files = (
				8F182B68EC2671F761D5FFF7 /* GymCore in Frameworks */,
			);
			runOnlyForDeploymentPostprocessing = 0;
		};
		F5C8FC1B117F1474A1F564FA /* Frameworks */ = {
			isa = PBXFrameworksBuildPhase;
			buildActionMask = 2147483647;
			files = (
				50DC855A808D96A7AD0FE0A5 /* GymCore in Frameworks */,
			);
			runOnlyForDeploymentPostprocessing = 0;
		};
/* End PBXFrameworksBuildPhase section */

/* Begin PBXGroup section */
		090235F3C7F51656632D8732 /* Resources */ = {
			isa = PBXGroup;
			children = (
				E3340F755B84F1E97BB141A7 /* Fonts */,
				0FF5D353CF851BA65EBA7BBE /* Seed */,
				67DC1845FA4F32B5823BD72A /* Assets.xcassets */,
			);
			path = Resources;
			sourceTree = "<group>";
		};
		0D7985020BC1A8D568A5C75D /* Library */ = {
			isa = PBXGroup;
			children = (
				5321036DA6A556A73507E11F /* ExerciseDetailView.swift */,
				6B25EDDEF246F3706E22AE7C /* ExercisePickerSheet.swift */,
				774832CFA5DC9762C5262881 /* LibraryView.swift */,
				4439CCD7E47922B8A91E1116 /* NewExerciseSheet.swift */,
			);
			path = Library;
			sourceTree = "<group>";
		};
		0FF5D353CF851BA65EBA7BBE /* Seed */ = {
			isa = PBXGroup;
			children = (
				D5188FDBBC38087B09BC7B21 /* exercises.json */,
			);
			path = Seed;
			sourceTree = "<group>";
		};
		191C17AE1439677FA23525C2 /* Home */ = {
			isa = PBXGroup;
			children = (
				64DC1A5B8A7BEE57EDCF7FA4 /* HomeView.swift */,
				B1C2D7CC184E55C4054017B7 /* RestTimerView.swift */,
			);
			path = Home;
			sourceTree = "<group>";
		};
		1AE5A08240428F9599E32661 /* Features */ = {
			isa = PBXGroup;
			children = (
				63C98B7FFE43FE7CBA7E3570 /* History */,
				191C17AE1439677FA23525C2 /* Home */,
				0D7985020BC1A8D568A5C75D /* Library */,
				2EEC4C1BBDA02D82CB7680CD /* Routines */,
				BA5D0B8518ADC5B2B11B5C07 /* Workout */,
			);
			path = Features;
			sourceTree = "<group>";
		};
		2DF3B180F082084095D33C66 /* Resources */ = {
			isa = PBXGroup;
			children = (
				CAF685AA57AB8FDB563F9AD5 /* Assets.xcassets */,
			);
			path = Resources;
			sourceTree = "<group>";
		};
		2EEC4C1BBDA02D82CB7680CD /* Routines */ = {
			isa = PBXGroup;
			children = (
				677A54BBB011C822C4127982 /* RoutineBuilderView.swift */,
				1CD7BD5802D9DBCC633A5B92 /* RoutinesTabView.swift */,
			);
			path = Routines;
			sourceTree = "<group>";
		};
		5B8F97FF1C4811828AB5858B /* Products */ = {
			isa = PBXGroup;
			children = (
				322B0B989D0342102B96A59D /* DaGym.app */,
				BD8384C78B1EC97C53FFD465 /* DaGymTests.xctest */,
				98BF80AF0A9C7BEDF8FC2C99 /* DaGymWatch.app */,
			);
			name = Products;
			sourceTree = "<group>";
		};
		5BA6836BFDB1455B74BE635C /* SampleData */ = {
			isa = PBXGroup;
			children = (
				64E9F3AD2258DD495A1B01FE /* Models.swift */,
				166B7D3BC36AE195104A378E /* SampleData.swift */,
			);
			path = SampleData;
			sourceTree = "<group>";
		};
		63C98B7FFE43FE7CBA7E3570 /* History */ = {
			isa = PBXGroup;
			children = (
				FC536C0ED4E56FD794B1218A /* BackfillSheet.swift */,
				B3BCBE28EAB076781A15DA9F /* HistoryTabView.swift */,
				1B37B73680D1B09B371850B4 /* HistoryView.swift */,
				8A2677DD0B9E9707BC1B5D15 /* WorkoutDetailView.swift */,
				822D9FBF9D20359A5957F93C /* WorkoutSummaryView.swift */,
			);
			path = History;
			sourceTree = "<group>";
		};
		7B0805A6AC6A9E9FEF72E733 /* DaGym */ = {
			isa = PBXGroup;
			children = (
				F17F5097FE0164EE293D0B9F /* App */,
				9EF0BCE332BAFDBE09DB8ADE /* Data */,
				C81205D6B4267B34725C7A57 /* Design */,
				1AE5A08240428F9599E32661 /* Features */,
				090235F3C7F51656632D8732 /* Resources */,
				5BA6836BFDB1455B74BE635C /* SampleData */,
				B0057D72DD6F62004DFBE02A /* Info.plist */,
			);
			path = DaGym;
			sourceTree = "<group>";
		};
		9444B0C11C83DAD20FA82EDE /* DaGymTests */ = {
			isa = PBXGroup;
			children = (
				EA759CCC6F79FAA7D158DD99 /* DaGymTests.swift */,
				89F6B0F8D11A8D44EDD6F1A7 /* ExerciseSeederTests.swift */,
				FC146DC1A6A7863CCADA868E /* RoutineSeederTests.swift */,
				C5A818C26F5D10890681FC2F /* WorkoutStoreActiveWorkoutTests.swift */,
				23BC27E21ADA469224375200 /* WorkoutStoreExerciseTests.swift */,
				FA16875096EDB139E4ADF3B6 /* WorkoutStoreHistoryDetailTests.swift */,
				FA0942321AE571C8CBC70F88 /* WorkoutStoreRecoveryTests.swift */,
				29BC628AD53FC8CF7E8C961D /* WorkoutStoreRoutineTests.swift */,
				0BE2B92D46C738625AB18ABB /* WorkoutStoreWorkoutTests.swift */,
			);
			path = DaGymTests;
			sourceTree = "<group>";
		};
		98CB168022C6AF6F7127F9A3 /* DaGymWatch */ = {
			isa = PBXGroup;
			children = (
				B62BC1FF73FFD3FE9C0BB57B /* App */,
				2DF3B180F082084095D33C66 /* Resources */,
				63E53D41E32894768B328F1C /* Info.plist */,
			);
			path = DaGymWatch;
			sourceTree = "<group>";
		};
		9EF0BCE332BAFDBE09DB8ADE /* Data */ = {
			isa = PBXGroup;
			children = (
				C12392F497FCADADA573E58B /* Models */,
				A358416F32FED3696A51FAE9 /* ExerciseSeeder.swift */,
				E4A872EB33B1384FE0ED4D81 /* Mapping.swift */,
				1C33A8B30AF9D88CF1A5B153 /* ModelContainer+DaGym.swift */,
				1007D04D8CE035A7830932A7 /* PreviewStore.swift */,
				ECF8AA203AB0AF59C5999D9B /* RoutineSeeder.swift */,
				4E774BF51229F91063E746C2 /* WorkoutStore.swift */,
				DB337D163F4E1DBF62E0E999 /* WorkoutStore+Exercises.swift */,
				616473E7EB95DA273C5E34A0 /* WorkoutStore+History.swift */,
				2ED6616103AA617079D893F4 /* WorkoutStore+Routines.swift */,
				9CC8B372F488A463B6688F03 /* WorkoutStore+Workouts.swift */,
			);
			path = Data;
			sourceTree = "<group>";
		};
		AACFC0A8E9E1A8EA5D607775 = {
			isa = PBXGroup;
			children = (
				7B0805A6AC6A9E9FEF72E733 /* DaGym */,
				9444B0C11C83DAD20FA82EDE /* DaGymTests */,
				98CB168022C6AF6F7127F9A3 /* DaGymWatch */,
				C48F85F0F6BA28C94EB68D5B /* Packages */,
				5B8F97FF1C4811828AB5858B /* Products */,
			);
			sourceTree = "<group>";
		};
		B62BC1FF73FFD3FE9C0BB57B /* App */ = {
			isa = PBXGroup;
			children = (
				0FC8CDB0B5EE660BED778EE9 /* DaGymWatchApp.swift */,
				B8352ACA24E037B67CD756DA /* WatchContentView.swift */,
			);
			path = App;
			sourceTree = "<group>";
		};
		BA5D0B8518ADC5B2B11B5C07 /* Workout */ = {
			isa = PBXGroup;
			children = (
				D83C359F22BCCAC039782688 /* ActiveWorkoutView.swift */,
				65A79B5E7105CA97F8EC7EB2 /* ActiveWorkoutView+Actions.swift */,
				9E063268B9CA1D9A8852ECC8 /* EffortPickerSheet.swift */,
				F55AD0BA13E3978993D93CC7 /* ExerciseCard.swift */,
				D0691DBDE8A15B163E14A634 /* ReorderExercisesSheet.swift */,
				CACDF5BC2ABC3661B7260780 /* RestPill.swift */,
				F4B5F7A34AEA43838E5DDF10 /* SetRow.swift */,
				A73018D54FC410F3EC9EE72A /* SwapExerciseSheet.swift */,
				2B1A08F988F8C2DBFDA40F16 /* TimedHoldView.swift */,
				1B186C09CA047984ED76D008 /* WeightKeypadSheet.swift */,
				92AF0F1F5C910BD0D8A49B9F /* WorkoutSession+TimedHold.swift */,
			);
			path = Workout;
			sourceTree = "<group>";
		};
		C12392F497FCADADA573E58B /* Models */ = {
			isa = PBXGroup;
			children = (
				82C3027AF2B0D036A6C8B457 /* BodyMeasurementModel.swift */,
				DCD0A9C845172A0831E4534C /* ExerciseModel.swift */,
				2C7810FBFFBF722560AE4D3C /* PersonalRecordModel.swift */,
				E824AA9399F03F1698BF3623 /* PlannedSetModel.swift */,
				8F5D706FFFD7DFE212140836 /* RoutineExerciseModel.swift */,
				E0554DBEB43BD81AF3BAA6C5 /* RoutineModel.swift */,
				9B4DFBDECD42C5515967609D /* SetLogModel.swift */,
				85009CCF829B746DC560D6BE /* WorkoutExerciseModel.swift */,
				B9199574FB5284A07E2DE498 /* WorkoutModel.swift */,
			);
			path = Models;
			sourceTree = "<group>";
		};
		C48F85F0F6BA28C94EB68D5B /* Packages */ = {
			isa = PBXGroup;
			children = (
				11029A7078E7CC7D8CE87277 /* GymCore */,
			);
			name = Packages;
			sourceTree = "<group>";
		};
		C81205D6B4267B34725C7A57 /* Design */ = {
			isa = PBXGroup;
			children = (
				E7658B1272CBA1830D645E5D /* Components */,
				B9F94746A4C81740E6F1A24A /* DGColor.swift */,
				A66BAEB912393A2A3B2744C0 /* DGFont.swift */,
				641F6C219560B1EE79055A92 /* DGLayout.swift */,
				A5F5264082EE33C78A1AECC2 /* Glass.swift */,
				F08C900454CF8A87465BFA4C /* Haptics.swift */,
			);
			path = Design;
			sourceTree = "<group>";
		};
		E3340F755B84F1E97BB141A7 /* Fonts */ = {
			isa = PBXGroup;
			children = (
				9C8CC141FAAE481D83886ADA /* Barlow-Bold.ttf */,
				E1913909E9F20F14DFB2B72E /* Barlow-Medium.ttf */,
				55A8D8B20A6C8F10E1803F77 /* Barlow-Regular.ttf */,
				67A0E9AB4CEB161542104FBD /* Barlow-SemiBold.ttf */,
				60467206A6445CF9C90A6AD0 /* BarlowCondensed-Bold.ttf */,
				6E798BFEA7AF9CEA9AD1F920 /* BarlowCondensed-ExtraBold.ttf */,
				40B690236ABB129251ED597D /* BarlowCondensed-SemiBold.ttf */,
				82BCDE3C6CF02D9AA5857791 /* OFL.txt */,
			);
			path = Fonts;
			sourceTree = "<group>";
		};
		E7658B1272CBA1830D645E5D /* Components */ = {
			isa = PBXGroup;
			children = (
				ECA0C63E34DD9511EA871B10 /* BodyMapView.swift */,
				AD7CF01AF948943427CD1718 /* Controls.swift */,
				5A65323AA2A8D0AAF962C267 /* DGTabBar.swift */,
			);
			path = Components;
			sourceTree = "<group>";
		};
		F17F5097FE0164EE293D0B9F /* App */ = {
			isa = PBXGroup;
			children = (
				8717531770A29F8325F2EB0B /* DaGymApp.swift */,
				3C0F778F4649F7FCE0C2C113 /* DebugRoute.swift */,
				5182F9E2772C02B0E77A628A /* DebugScreenView.swift */,
				EAF4D75924B68BE913338D55 /* RootView.swift */,
			);
			path = App;
			sourceTree = "<group>";
		};
/* End PBXGroup section */

/* Begin PBXNativeTarget section */
		47425627A40A2C4C2F78DE64 /* DaGym */ = {
			isa = PBXNativeTarget;
			buildConfigurationList = 83EAEB6ECB8A34ACC4F3938B /* Build configuration list for PBXNativeTarget "DaGym" */;
			buildPhases = (
				C27CB8B2E1BFC3B5EA61CD49 /* Sources */,
				90EF4B451104AABC166F101C /* Resources */,
				BC5F88364B85986BC04136F6 /* Frameworks */,
			);
			buildRules = (
			);
			dependencies = (
			);
			name = DaGym;
			packageProductDependencies = (
				C60FDF5056E3A84A5E1E1D8A /* GymCore */,
			);
			productName = DaGym;
			productReference = 322B0B989D0342102B96A59D /* DaGym.app */;
			productType = "com.apple.product-type.application";
		};
		CF2F9148AFBC59FC7FEA76F9 /* DaGymTests */ = {
			isa = PBXNativeTarget;
			buildConfigurationList = F0C3D64C39EDE8FA7E2FD82F /* Build configuration list for PBXNativeTarget "DaGymTests" */;
			buildPhases = (
				BD2CD9457F87C3E71C11B0F6 /* Sources */,
			);
			buildRules = (
			);
			dependencies = (
				28E09B6238B3463DE31DF1D0 /* PBXTargetDependency */,
			);
			name = DaGymTests;
			packageProductDependencies = (
			);
			productName = DaGymTests;
			productReference = BD8384C78B1EC97C53FFD465 /* DaGymTests.xctest */;
			productType = "com.apple.product-type.bundle.unit-test";
		};
		E7A5CBE51070090C17C18B6E /* DaGymWatch */ = {
			isa = PBXNativeTarget;
			buildConfigurationList = 8283A4ED6C53134AA171D8CC /* Build configuration list for PBXNativeTarget "DaGymWatch" */;
			buildPhases = (
				8FCF9F70974E2A62AF82B984 /* Sources */,
				F8F8B8DEA14571812F1ADFE3 /* Resources */,
				F5C8FC1B117F1474A1F564FA /* Frameworks */,
			);
			buildRules = (
			);
			dependencies = (
			);
			name = DaGymWatch;
			packageProductDependencies = (
				B5415C7A871FCDE9EF5B9F89 /* GymCore */,
			);
			productName = DaGymWatch;
			productReference = 98BF80AF0A9C7BEDF8FC2C99 /* DaGymWatch.app */;
			productType = "com.apple.product-type.application";
		};
/* End PBXNativeTarget section */

/* Begin PBXProject section */
		F194ECFF5A29CCD2B94E11CB /* Project object */ = {
			isa = PBXProject;
			attributes = {
				BuildIndependentTargetsInParallel = YES;
				LastUpgradeCheck = 2660;
				TargetAttributes = {
					47425627A40A2C4C2F78DE64 = {
						DevelopmentTeam = 5AF2LBU5A3;
						ProvisioningStyle = Automatic;
					};
					CF2F9148AFBC59FC7FEA76F9 = {
						DevelopmentTeam = 5AF2LBU5A3;
						ProvisioningStyle = Automatic;
					};
					E7A5CBE51070090C17C18B6E = {
						DevelopmentTeam = 5AF2LBU5A3;
						ProvisioningStyle = Automatic;
					};
				};
			};
			buildConfigurationList = 518A7A3658A2953BCA9F3C89 /* Build configuration list for PBXProject "DaGym" */;
			developmentRegion = en;
			hasScannedForEncodings = 0;
			knownRegions = (
				Base,
				en,
			);
			mainGroup = AACFC0A8E9E1A8EA5D607775;
			minimizedProjectReferenceProxies = 1;
			packageReferences = (
				5DAF13DC292950DDBD8D686F /* XCLocalSwiftPackageReference "GymCore" */,
			);
			preferredProjectObjectVersion = 77;
			productRefGroup = 5B8F97FF1C4811828AB5858B /* Products */;
			projectDirPath = "";
			projectRoot = "";
			targets = (
				47425627A40A2C4C2F78DE64 /* DaGym */,
				CF2F9148AFBC59FC7FEA76F9 /* DaGymTests */,
				E7A5CBE51070090C17C18B6E /* DaGymWatch */,
			);
		};
/* End PBXProject section */

/* Begin PBXResourcesBuildPhase section */
		90EF4B451104AABC166F101C /* Resources */ = {
			isa = PBXResourcesBuildPhase;
			buildActionMask = 2147483647;
			files = (
				8E1ED2BE6E4A6E0B7F1525E1 /* Assets.xcassets in Resources */,
				F21D4206F1BD3E031E4DF6D5 /* Barlow-Bold.ttf in Resources */,
				DAB404015B25B006B20F0619 /* Barlow-Medium.ttf in Resources */,
				91CD51D59489EE0FC6CA1BE7 /* Barlow-Regular.ttf in Resources */,
				94C887C6A8E11FE1820EC7A1 /* Barlow-SemiBold.ttf in Resources */,
				5DA484FE569EF325424E387E /* BarlowCondensed-Bold.ttf in Resources */,
				38B14308B51A4066F2383ADA /* BarlowCondensed-ExtraBold.ttf in Resources */,
				8FFDB83146CA8B260429B7A3 /* BarlowCondensed-SemiBold.ttf in Resources */,
				4D0D6CDD48CDFF24FEB4DFAF /* OFL.txt in Resources */,
				7481ED5EBAB5D0D3B1DA9001 /* exercises.json in Resources */,
			);
			runOnlyForDeploymentPostprocessing = 0;
		};
		F8F8B8DEA14571812F1ADFE3 /* Resources */ = {
			isa = PBXResourcesBuildPhase;
			buildActionMask = 2147483647;
			files = (
				099D98FB808E38DA7F0FFD64 /* Assets.xcassets in Resources */,
			);
			runOnlyForDeploymentPostprocessing = 0;
		};
/* End PBXResourcesBuildPhase section */

/* Begin PBXSourcesBuildPhase section */
		8FCF9F70974E2A62AF82B984 /* Sources */ = {
			isa = PBXSourcesBuildPhase;
			buildActionMask = 2147483647;
			files = (
				84666E469085E7E75C9971E8 /* DaGymWatchApp.swift in Sources */,
				39CC28E4F6C046B4071489BE /* WatchContentView.swift in Sources */,
			);
			runOnlyForDeploymentPostprocessing = 0;
		};
		BD2CD9457F87C3E71C11B0F6 /* Sources */ = {
			isa = PBXSourcesBuildPhase;
			buildActionMask = 2147483647;
			files = (
				EE318D2CDA56A53D5E29ED06 /* DaGymTests.swift in Sources */,
				5627DA2A3483E811EB060321 /* ExerciseSeederTests.swift in Sources */,
				D081174DB0C3EC79C358B66E /* RoutineSeederTests.swift in Sources */,
				B3839C96422634F3643CABAF /* WorkoutStoreActiveWorkoutTests.swift in Sources */,
				813B4CE8DB399FB9B1B3ACD4 /* WorkoutStoreExerciseTests.swift in Sources */,
				1A28437B32CD10EDF819E647 /* WorkoutStoreHistoryDetailTests.swift in Sources */,
				D3844F3976FB90BC86FA20CB /* WorkoutStoreRecoveryTests.swift in Sources */,
				9672238D7D5955E85CFDD760 /* WorkoutStoreRoutineTests.swift in Sources */,
				C0482D4622E733F233492250 /* WorkoutStoreWorkoutTests.swift in Sources */,
			);
			runOnlyForDeploymentPostprocessing = 0;
		};
		C27CB8B2E1BFC3B5EA61CD49 /* Sources */ = {
			isa = PBXSourcesBuildPhase;
			buildActionMask = 2147483647;
			files = (
				7A318F77DC9D9DC0F3371C75 /* ActiveWorkoutView+Actions.swift in Sources */,
				9037425EF721D80CFD06877F /* ActiveWorkoutView.swift in Sources */,
				0DBF75078E936A83EEDAC4A5 /* BackfillSheet.swift in Sources */,
				167D91BD7D4748AC426A7631 /* BodyMapView.swift in Sources */,
				7707F6B9DA62321D03D49A0B /* BodyMeasurementModel.swift in Sources */,
				BA280D6FFBF8584761C8A6BE /* Controls.swift in Sources */,
				909D0E38BB34805981050B5F /* DGColor.swift in Sources */,
				CABE4C283B7A7DCC85A55884 /* DGFont.swift in Sources */,
				C7EF9BF1031AB6055157FDDB /* DGLayout.swift in Sources */,
				0DAB9E031AB49B0302294E3A /* DGTabBar.swift in Sources */,
				70F5C53B2758041C1298E58D /* DaGymApp.swift in Sources */,
				36EF661426F2A798F92F10F9 /* DebugRoute.swift in Sources */,
				E55CD17FE71968B73FC45F14 /* DebugScreenView.swift in Sources */,
				27C295B5CE7F282DE1D8A200 /* EffortPickerSheet.swift in Sources */,
				35D19CD161CA7426769D0D10 /* ExerciseCard.swift in Sources */,
				15F922A4AE61D6D0B40546FC /* ExerciseDetailView.swift in Sources */,
				0A0759727B1904215FD52000 /* ExerciseModel.swift in Sources */,
				4BE1C6A5BA8AF8E1C36BF9E4 /* ExercisePickerSheet.swift in Sources */,
				AACE7FE7EFD05A3E15736F56 /* ExerciseSeeder.swift in Sources */,
				B3A264761D9882D9FAC43297 /* Glass.swift in Sources */,
				295C59DD62EC46BD1E848294 /* Haptics.swift in Sources */,
				143865B3EAF2C0BF84DE73A2 /* HistoryTabView.swift in Sources */,
				95CD112B98D96C82090519DD /* HistoryView.swift in Sources */,
				DCDC7B0021341EDF32D80266 /* HomeView.swift in Sources */,
				247E2212B3E685BBF24922C2 /* LibraryView.swift in Sources */,
				6D9A72191F742E8C82CBA3EA /* Mapping.swift in Sources */,
				F96472F510F9B9A30C147F7E /* ModelContainer+DaGym.swift in Sources */,
				DA93FBEB402CE93D92E413C9 /* Models.swift in Sources */,
				F34EFBEBAB8ACEA064E01B29 /* NewExerciseSheet.swift in Sources */,
				61EBBCCC2247A0F22D48E425 /* PersonalRecordModel.swift in Sources */,
				DC0B3B9008FC58BE390771AE /* PlannedSetModel.swift in Sources */,
				963E8588CFC551912DF5BF47 /* PreviewStore.swift in Sources */,
				DF759EC1C1A379CEEAA76EAB /* ReorderExercisesSheet.swift in Sources */,
				844D552C11A1297F7EDC167B /* RestPill.swift in Sources */,
				BABCACF1F17B3338E0BB947F /* RestTimerView.swift in Sources */,
				78D8B980658C9093FFFFB3DE /* RootView.swift in Sources */,
				DC113E02CB4F6A6F7006C5AD /* RoutineBuilderView.swift in Sources */,
				4CC064E2F4BB223366680B0A /* RoutineExerciseModel.swift in Sources */,
				4743FA4F5C393EB36DA43C05 /* RoutineModel.swift in Sources */,
				4540906C6BB4F2DF148AF801 /* RoutineSeeder.swift in Sources */,
				3B917C21F38D41AB3894D378 /* RoutinesTabView.swift in Sources */,
				2D1BD71AA79CEDAD5F868BAE /* SampleData.swift in Sources */,
				584A8655C903A15F377BB218 /* SetLogModel.swift in Sources */,
				F5974C3C87257D796714F72C /* SetRow.swift in Sources */,
				9651FBC5AC373BF905FCFA0C /* SwapExerciseSheet.swift in Sources */,
				5B471B54DBD46F608DAC4DF3 /* TimedHoldView.swift in Sources */,
				B4D5072E5D08A761EB970553 /* WeightKeypadSheet.swift in Sources */,
				A6BF17B2CC97F2A686E4C99A /* WorkoutDetailView.swift in Sources */,
				B6E2FE96D303800A1BA74B5D /* WorkoutExerciseModel.swift in Sources */,
				C49BDF9CB0462C125F6599B1 /* WorkoutModel.swift in Sources */,
				361159218E3BDE82A90B155B /* WorkoutSession+TimedHold.swift in Sources */,
				BD3F4A0955DA35FA250B1BCE /* WorkoutStore+Exercises.swift in Sources */,
				7BF666E19DD83913DA2B147D /* WorkoutStore+History.swift in Sources */,
				8840056039BF6C6302C45AA2 /* WorkoutStore+Routines.swift in Sources */,
				555D1E931E2988248086662E /* WorkoutStore+Workouts.swift in Sources */,
				9E2D44409522E5E4F6408977 /* WorkoutStore.swift in Sources */,
				7EE43DCD30AF8622C8521585 /* WorkoutSummaryView.swift in Sources */,
			);
			runOnlyForDeploymentPostprocessing = 0;
		};
/* End PBXSourcesBuildPhase section */

/* Begin PBXTargetDependency section */
		28E09B6238B3463DE31DF1D0 /* PBXTargetDependency */ = {
			isa = PBXTargetDependency;
			target = 47425627A40A2C4C2F78DE64 /* DaGym */;
			targetProxy = E9A64868945CDCE4CD919BC6 /* PBXContainerItemProxy */;
		};
/* End PBXTargetDependency section */

/* Begin XCBuildConfiguration section */
		7CDEEEBCCE9592E1933B3C0A /* Debug */ = {
			isa = XCBuildConfiguration;
			buildSettings = {
				ALWAYS_SEARCH_USER_PATHS = NO;
				CLANG_ANALYZER_NONNULL = YES;
				CLANG_ANALYZER_NUMBER_OBJECT_CONVERSION = YES_AGGRESSIVE;
				CLANG_CXX_LANGUAGE_STANDARD = "gnu++14";
				CLANG_CXX_LIBRARY = "libc++";
				CLANG_ENABLE_MODULES = YES;
				CLANG_ENABLE_OBJC_ARC = YES;
				CLANG_ENABLE_OBJC_WEAK = YES;
				CLANG_WARN_BLOCK_CAPTURE_AUTORELEASING = YES;
				CLANG_WARN_BOOL_CONVERSION = YES;
				CLANG_WARN_COMMA = YES;
				CLANG_WARN_CONSTANT_CONVERSION = YES;
				CLANG_WARN_DEPRECATED_OBJC_IMPLEMENTATIONS = YES;
				CLANG_WARN_DIRECT_OBJC_ISA_USAGE = YES_ERROR;
				CLANG_WARN_DOCUMENTATION_COMMENTS = YES;
				CLANG_WARN_EMPTY_BODY = YES;
				CLANG_WARN_ENUM_CONVERSION = YES;
				CLANG_WARN_INFINITE_RECURSION = YES;
				CLANG_WARN_INT_CONVERSION = YES;
				CLANG_WARN_NON_LITERAL_NULL_CONVERSION = YES;
				CLANG_WARN_OBJC_IMPLICIT_RETAIN_SELF = YES;
				CLANG_WARN_OBJC_LITERAL_CONVERSION = YES;
				CLANG_WARN_OBJC_ROOT_CLASS = YES_ERROR;
				CLANG_WARN_QUOTED_INCLUDE_IN_FRAMEWORK_HEADER = YES;
				CLANG_WARN_RANGE_LOOP_ANALYSIS = YES;
				CLANG_WARN_STRICT_PROTOTYPES = YES;
				CLANG_WARN_SUSPICIOUS_MOVE = YES;
				CLANG_WARN_UNGUARDED_AVAILABILITY = YES_AGGRESSIVE;
				CLANG_WARN_UNREACHABLE_CODE = YES;
				CLANG_WARN__DUPLICATE_METHOD_MATCH = YES;
				CODE_SIGN_STYLE = Automatic;
				COPY_PHASE_STRIP = NO;
				DEBUG_INFORMATION_FORMAT = dwarf;
				DEVELOPMENT_TEAM = 5AF2LBU5A3;
				ENABLE_STRICT_OBJC_MSGSEND = YES;
				ENABLE_TESTABILITY = YES;
				ENABLE_USER_SCRIPT_SANDBOXING = YES;
				GCC_C_LANGUAGE_STANDARD = gnu11;
				GCC_DYNAMIC_NO_PIC = NO;
				GCC_NO_COMMON_BLOCKS = YES;
				GCC_OPTIMIZATION_LEVEL = 0;
				GCC_PREPROCESSOR_DEFINITIONS = (
					"$(inherited)",
					"DEBUG=1",
				);
				GCC_TREAT_WARNINGS_AS_ERRORS = YES;
				GCC_WARN_64_TO_32_BIT_CONVERSION = YES;
				GCC_WARN_ABOUT_RETURN_TYPE = YES_ERROR;
				GCC_WARN_UNDECLARED_SELECTOR = YES;
				GCC_WARN_UNINITIALIZED_AUTOS = YES_AGGRESSIVE;
				GCC_WARN_UNUSED_FUNCTION = YES;
				GCC_WARN_UNUSED_VARIABLE = YES;
				IPHONEOS_DEPLOYMENT_TARGET = 26.0;
				MTL_ENABLE_DEBUG_INFO = INCLUDE_SOURCE;
				MTL_FAST_MATH = YES;
				ONLY_ACTIVE_ARCH = YES;
				PRODUCT_NAME = "$(TARGET_NAME)";
				STRING_CATALOG_GENERATE_SYMBOLS = YES;
				SWIFT_ACTIVE_COMPILATION_CONDITIONS = DEBUG;
				SWIFT_OPTIMIZATION_LEVEL = "-Onone";
				SWIFT_STRICT_CONCURRENCY = complete;
				SWIFT_TREAT_WARNINGS_AS_ERRORS = YES;
				SWIFT_VERSION = 6.0;
				WATCHOS_DEPLOYMENT_TARGET = 26.0;
			};
			name = Debug;
		};
		974AEDCF9722146A61647E00 /* Release */ = {
			isa = XCBuildConfiguration;
			buildSettings = {
				ALWAYS_SEARCH_USER_PATHS = NO;
				CLANG_ANALYZER_NONNULL = YES;
				CLANG_ANALYZER_NUMBER_OBJECT_CONVERSION = YES_AGGRESSIVE;
				CLANG_CXX_LANGUAGE_STANDARD = "gnu++14";
				CLANG_CXX_LIBRARY = "libc++";
				CLANG_ENABLE_MODULES = YES;
				CLANG_ENABLE_OBJC_ARC = YES;
				CLANG_ENABLE_OBJC_WEAK = YES;
				CLANG_WARN_BLOCK_CAPTURE_AUTORELEASING = YES;
				CLANG_WARN_BOOL_CONVERSION = YES;
				CLANG_WARN_COMMA = YES;
				CLANG_WARN_CONSTANT_CONVERSION = YES;
				CLANG_WARN_DEPRECATED_OBJC_IMPLEMENTATIONS = YES;
				CLANG_WARN_DIRECT_OBJC_ISA_USAGE = YES_ERROR;
				CLANG_WARN_DOCUMENTATION_COMMENTS = YES;
				CLANG_WARN_EMPTY_BODY = YES;
				CLANG_WARN_ENUM_CONVERSION = YES;
				CLANG_WARN_INFINITE_RECURSION = YES;
				CLANG_WARN_INT_CONVERSION = YES;
				CLANG_WARN_NON_LITERAL_NULL_CONVERSION = YES;
				CLANG_WARN_OBJC_IMPLICIT_RETAIN_SELF = YES;
				CLANG_WARN_OBJC_LITERAL_CONVERSION = YES;
				CLANG_WARN_OBJC_ROOT_CLASS = YES_ERROR;
				CLANG_WARN_QUOTED_INCLUDE_IN_FRAMEWORK_HEADER = YES;
				CLANG_WARN_RANGE_LOOP_ANALYSIS = YES;
				CLANG_WARN_STRICT_PROTOTYPES = YES;
				CLANG_WARN_SUSPICIOUS_MOVE = YES;
				CLANG_WARN_UNGUARDED_AVAILABILITY = YES_AGGRESSIVE;
				CLANG_WARN_UNREACHABLE_CODE = YES;
				CLANG_WARN__DUPLICATE_METHOD_MATCH = YES;
				CODE_SIGN_STYLE = Automatic;
				COPY_PHASE_STRIP = NO;
				DEBUG_INFORMATION_FORMAT = "dwarf-with-dsym";
				DEVELOPMENT_TEAM = 5AF2LBU5A3;
				ENABLE_NS_ASSERTIONS = NO;
				ENABLE_STRICT_OBJC_MSGSEND = YES;
				ENABLE_USER_SCRIPT_SANDBOXING = YES;
				GCC_C_LANGUAGE_STANDARD = gnu11;
				GCC_NO_COMMON_BLOCKS = YES;
				GCC_TREAT_WARNINGS_AS_ERRORS = YES;
				GCC_WARN_64_TO_32_BIT_CONVERSION = YES;
				GCC_WARN_ABOUT_RETURN_TYPE = YES_ERROR;
				GCC_WARN_UNDECLARED_SELECTOR = YES;
				GCC_WARN_UNINITIALIZED_AUTOS = YES_AGGRESSIVE;
				GCC_WARN_UNUSED_FUNCTION = YES;
				GCC_WARN_UNUSED_VARIABLE = YES;
				IPHONEOS_DEPLOYMENT_TARGET = 26.0;
				MTL_ENABLE_DEBUG_INFO = NO;
				MTL_FAST_MATH = YES;
				PRODUCT_NAME = "$(TARGET_NAME)";
				STRING_CATALOG_GENERATE_SYMBOLS = YES;
				SWIFT_COMPILATION_MODE = wholemodule;
				SWIFT_OPTIMIZATION_LEVEL = "-O";
				SWIFT_STRICT_CONCURRENCY = complete;
				SWIFT_TREAT_WARNINGS_AS_ERRORS = YES;
				SWIFT_VERSION = 6.0;
				WATCHOS_DEPLOYMENT_TARGET = 26.0;
			};
			name = Release;
		};
		A2734A370F51B0F2F74493C6 /* Release */ = {
			isa = XCBuildConfiguration;
			buildSettings = {
				BUNDLE_LOADER = "$(TEST_HOST)";
				GENERATE_INFOPLIST_FILE = YES;
				LD_RUNPATH_SEARCH_PATHS = (
					"$(inherited)",
					"@executable_path/Frameworks",
					"@loader_path/Frameworks",
				);
				PRODUCT_BUNDLE_IDENTIFIER = dev.abdirahmanmohamed.dagym.tests;
				SDKROOT = iphoneos;
				TARGETED_DEVICE_FAMILY = "1,2";
				TEST_HOST = "$(BUILT_PRODUCTS_DIR)/DaGym.app/DaGym";
			};
			name = Release;
		};
		B5ECEFEF027394AC607BDBC8 /* Debug */ = {
			isa = XCBuildConfiguration;
			buildSettings = {
				BUNDLE_LOADER = "$(TEST_HOST)";
				GENERATE_INFOPLIST_FILE = YES;
				LD_RUNPATH_SEARCH_PATHS = (
					"$(inherited)",
					"@executable_path/Frameworks",
					"@loader_path/Frameworks",
				);
				PRODUCT_BUNDLE_IDENTIFIER = dev.abdirahmanmohamed.dagym.tests;
				SDKROOT = iphoneos;
				TARGETED_DEVICE_FAMILY = "1,2";
				TEST_HOST = "$(BUILT_PRODUCTS_DIR)/DaGym.app/DaGym";
			};
			name = Debug;
		};
		D3BBF021EDD252A839D002A7 /* Debug */ = {
			isa = XCBuildConfiguration;
			buildSettings = {
				ASSETCATALOG_COMPILER_APPICON_NAME = AppIcon;
				ASSETCATALOG_COMPILER_GLOBAL_ACCENT_COLOR_NAME = AccentColor;
				CODE_SIGN_IDENTITY = "iPhone Developer";
				CURRENT_PROJECT_VERSION = 1;
				GENERATE_INFOPLIST_FILE = NO;
				INFOPLIST_FILE = DaGym/Info.plist;
				LD_RUNPATH_SEARCH_PATHS = (
					"$(inherited)",
					"@executable_path/Frameworks",
				);
				MARKETING_VERSION = 0.1.0;
				PRODUCT_BUNDLE_IDENTIFIER = dev.abdirahmanmohamed.dagym;
				PRODUCT_NAME = DaGym;
				SDKROOT = iphoneos;
				SUPPORTS_MACCATALYST = NO;
				SUPPORTS_MAC_DESIGNED_FOR_IPHONE_IPAD = NO;
				TARGETED_DEVICE_FAMILY = 1;
			};
			name = Debug;
		};
		EC110D5B42B70BB47B0A5BA5 /* Debug */ = {
			isa = XCBuildConfiguration;
			buildSettings = {
				ASSETCATALOG_COMPILER_APPICON_NAME = AppIcon;
				CURRENT_PROJECT_VERSION = 1;
				GENERATE_INFOPLIST_FILE = NO;
				INFOPLIST_FILE = DaGymWatch/Info.plist;
				MARKETING_VERSION = 0.1.0;
				PRODUCT_BUNDLE_IDENTIFIER = dev.abdirahmanmohamed.dagym.watchkitapp;
				PRODUCT_NAME = DaGym;
				SDKROOT = watchos;
				SKIP_INSTALL = YES;
				TARGETED_DEVICE_FAMILY = 4;
			};
			name = Debug;
		};
		EC371BDEE582981FA9C5EC15 /* Release */ = {
			isa = XCBuildConfiguration;
			buildSettings = {
				ASSETCATALOG_COMPILER_APPICON_NAME = AppIcon;
				ASSETCATALOG_COMPILER_GLOBAL_ACCENT_COLOR_NAME = AccentColor;
				CODE_SIGN_IDENTITY = "iPhone Developer";
				CURRENT_PROJECT_VERSION = 1;
				GENERATE_INFOPLIST_FILE = NO;
				INFOPLIST_FILE = DaGym/Info.plist;
				LD_RUNPATH_SEARCH_PATHS = (
					"$(inherited)",
					"@executable_path/Frameworks",
				);
				MARKETING_VERSION = 0.1.0;
				PRODUCT_BUNDLE_IDENTIFIER = dev.abdirahmanmohamed.dagym;
				PRODUCT_NAME = DaGym;
				SDKROOT = iphoneos;
				SUPPORTS_MACCATALYST = NO;
				SUPPORTS_MAC_DESIGNED_FOR_IPHONE_IPAD = NO;
				TARGETED_DEVICE_FAMILY = 1;
			};
			name = Release;
		};
		FF12F61E384ADFC331BDC8BE /* Release */ = {
			isa = XCBuildConfiguration;
			buildSettings = {
				ASSETCATALOG_COMPILER_APPICON_NAME = AppIcon;
				CURRENT_PROJECT_VERSION = 1;
				GENERATE_INFOPLIST_FILE = NO;
				INFOPLIST_FILE = DaGymWatch/Info.plist;
				MARKETING_VERSION = 0.1.0;
				PRODUCT_BUNDLE_IDENTIFIER = dev.abdirahmanmohamed.dagym.watchkitapp;
				PRODUCT_NAME = DaGym;
				SDKROOT = watchos;
				SKIP_INSTALL = YES;
				TARGETED_DEVICE_FAMILY = 4;
			};
			name = Release;
		};
/* End XCBuildConfiguration section */

/* Begin XCConfigurationList section */
		518A7A3658A2953BCA9F3C89 /* Build configuration list for PBXProject "DaGym" */ = {
			isa = XCConfigurationList;
			buildConfigurations = (
				7CDEEEBCCE9592E1933B3C0A /* Debug */,
				974AEDCF9722146A61647E00 /* Release */,
			);
			defaultConfigurationIsVisible = 0;
			defaultConfigurationName = Debug;
		};
		8283A4ED6C53134AA171D8CC /* Build configuration list for PBXNativeTarget "DaGymWatch" */ = {
			isa = XCConfigurationList;
			buildConfigurations = (
				EC110D5B42B70BB47B0A5BA5 /* Debug */,
				FF12F61E384ADFC331BDC8BE /* Release */,
			);
			defaultConfigurationIsVisible = 0;
			defaultConfigurationName = Debug;
		};
		83EAEB6ECB8A34ACC4F3938B /* Build configuration list for PBXNativeTarget "DaGym" */ = {
			isa = XCConfigurationList;
			buildConfigurations = (
				D3BBF021EDD252A839D002A7 /* Debug */,
				EC371BDEE582981FA9C5EC15 /* Release */,
			);
			defaultConfigurationIsVisible = 0;
			defaultConfigurationName = Debug;
		};
		F0C3D64C39EDE8FA7E2FD82F /* Build configuration list for PBXNativeTarget "DaGymTests" */ = {
			isa = XCConfigurationList;
			buildConfigurations = (
				B5ECEFEF027394AC607BDBC8 /* Debug */,
				A2734A370F51B0F2F74493C6 /* Release */,
			);
			defaultConfigurationIsVisible = 0;
			defaultConfigurationName = Debug;
		};
/* End XCConfigurationList section */

/* Begin XCLocalSwiftPackageReference section */
		5DAF13DC292950DDBD8D686F /* XCLocalSwiftPackageReference "GymCore" */ = {
			isa = XCLocalSwiftPackageReference;
			relativePath = GymCore;
		};
/* End XCLocalSwiftPackageReference section */

/* Begin XCSwiftPackageProductDependency section */
		B5415C7A871FCDE9EF5B9F89 /* GymCore */ = {
			isa = XCSwiftPackageProductDependency;
			productName = GymCore;
		};
		C60FDF5056E3A84A5E1E1D8A /* GymCore */ = {
			isa = XCSwiftPackageProductDependency;
			productName = GymCore;
		};
/* End XCSwiftPackageProductDependency section */
	};
	rootObject = F194ECFF5A29CCD2B94E11CB /* Project object */;
}
