// !$*UTF8*$!
{
	archiveVersion = 1;
	classes = {
	};
	objectVersion = 77;
	objects = {

/* Begin PBXBuildFile section */
		099D98FB808E38DA7F0FFD64 /* Assets.xcassets in Resources */ = {isa = PBXBuildFile; fileRef = CAF685AA57AB8FDB563F9AD5 /* Assets.xcassets */; };
		0DAB9E031AB49B0302294E3A /* DGTabBar.swift in Sources */ = {isa = PBXBuildFile; fileRef = 5A65323AA2A8D0AAF962C267 /* DGTabBar.swift */; };
		167D91BD7D4748AC426A7631 /* BodyMapView.swift in Sources */ = {isa = PBXBuildFile; fileRef = ECA0C63E34DD9511EA871B10 /* BodyMapView.swift */; };
		2499EEF927F88D9ADA85F700 /* ContentView.swift in Sources */ = {isa = PBXBuildFile; fileRef = 5C002D0D22CF406F28CC32E8 /* ContentView.swift */; };
		295C59DD62EC46BD1E848294 /* Haptics.swift in Sources */ = {isa = PBXBuildFile; fileRef = F08C900454CF8A87465BFA4C /* Haptics.swift */; };
		2D1BD71AA79CEDAD5F868BAE /* SampleData.swift in Sources */ = {isa = PBXBuildFile; fileRef = 166B7D3BC36AE195104A378E /* SampleData.swift */; };
		38B14308B51A4066F2383ADA /* BarlowCondensed-ExtraBold.ttf in Resources */ = {isa = PBXBuildFile; fileRef = 6E798BFEA7AF9CEA9AD1F920 /* BarlowCondensed-ExtraBold.ttf */; };
		39CC28E4F6C046B4071489BE /* WatchContentView.swift in Sources */ = {isa = PBXBuildFile; fileRef = B8352ACA24E037B67CD756DA /* WatchContentView.swift */; };
		4D0D6CDD48CDFF24FEB4DFAF /* OFL.txt in Resources */ = {isa = PBXBuildFile; fileRef = 82BCDE3C6CF02D9AA5857791 /* OFL.txt */; };
		50DC855A808D96A7AD0FE0A5 /* GymCore in Frameworks */ = {isa = PBXBuildFile; productRef = B5415C7A871FCDE9EF5B9F89 /* GymCore */; };
		5DA484FE569EF325424E387E /* BarlowCondensed-Bold.ttf in Resources */ = {isa = PBXBuildFile; fileRef = 60467206A6445CF9C90A6AD0 /* BarlowCondensed-Bold.ttf */; };
		70F5C53B2758041C1298E58D /* DaGymApp.swift in Sources */ = {isa = PBXBuildFile; fileRef = 8717531770A29F8325F2EB0B /* DaGymApp.swift */; };
		84666E469085E7E75C9971E8 /* DaGymWatchApp.swift in Sources */ = {isa = PBXBuildFile; fileRef = 0FC8CDB0B5EE660BED778EE9 /* DaGymWatchApp.swift */; };
		8E1ED2BE6E4A6E0B7F1525E1 /* Assets.xcassets in Resources */ = {isa = PBXBuildFile; fileRef = 67DC1845FA4F32B5823BD72A /* Assets.xcassets */; };
		8F182B68EC2671F761D5FFF7 /* GymCore in Frameworks */ = {isa = PBXBuildFile; productRef = C60FDF5056E3A84A5E1E1D8A /* GymCore */; };
		8FFDB83146CA8B260429B7A3 /* BarlowCondensed-SemiBold.ttf in Resources */ = {isa = PBXBuildFile; fileRef = 40B690236ABB129251ED597D /* BarlowCondensed-SemiBold.ttf */; };
		909D0E38BB34805981050B5F /* DGColor.swift in Sources */ = {isa = PBXBuildFile; fileRef = B9F94746A4C81740E6F1A24A /* DGColor.swift */; };
		91CD51D59489EE0FC6CA1BE7 /* Barlow-Regular.ttf in Resources */ = {isa = PBXBuildFile; fileRef = 55A8D8B20A6C8F10E1803F77 /* Barlow-Regular.ttf */; };
		94C887C6A8E11FE1820EC7A1 /* Barlow-SemiBold.ttf in Resources */ = {isa = PBXBuildFile; fileRef = 67A0E9AB4CEB161542104FBD /* Barlow-SemiBold.ttf */; };
		B3A264761D9882D9FAC43297 /* Glass.swift in Sources */ = {isa = PBXBuildFile; fileRef = A5F5264082EE33C78A1AECC2 /* Glass.swift */; };
		BA280D6FFBF8584761C8A6BE /* Controls.swift in Sources */ = {isa = PBXBuildFile; fileRef = AD7CF01AF948943427CD1718 /* Controls.swift */; };
		C7EF9BF1031AB6055157FDDB /* DGLayout.swift in Sources */ = {isa = PBXBuildFile; fileRef = 641F6C219560B1EE79055A92 /* DGLayout.swift */; };
		CABE4C283B7A7DCC85A55884 /* DGFont.swift in Sources */ = {isa = PBXBuildFile; fileRef = A66BAEB912393A2A3B2744C0 /* DGFont.swift */; };
		DA93FBEB402CE93D92E413C9 /* Models.swift in Sources */ = {isa = PBXBuildFile; fileRef = 64E9F3AD2258DD495A1B01FE /* Models.swift */; };
		DAB404015B25B006B20F0619 /* Barlow-Medium.ttf in Resources */ = {isa = PBXBuildFile; fileRef = E1913909E9F20F14DFB2B72E /* Barlow-Medium.ttf */; };
		EE318D2CDA56A53D5E29ED06 /* DaGymTests.swift in Sources */ = {isa = PBXBuildFile; fileRef = EA759CCC6F79FAA7D158DD99 /* DaGymTests.swift */; };
		F21D4206F1BD3E031E4DF6D5 /* Barlow-Bold.ttf in Resources */ = {isa = PBXBuildFile; fileRef = 9C8CC141FAAE481D83886ADA /* Barlow-Bold.ttf */; };
/* End PBXBuildFile section */

/* Begin PBXContainerItemProxy section */
		E9A64868945CDCE4CD919BC6 /* PBXContainerItemProxy */ = {
			isa = PBXContainerItemProxy;
			containerPortal = F194ECFF5A29CCD2B94E11CB /* Project object */;
			proxyType = 1;
			remoteGlobalIDString = 47425627A40A2C4C2F78DE64;
			remoteInfo = DaGym;
		};
/* End PBXContainerItemProxy section */

/* Begin PBXFileReference section */
		0FC8CDB0B5EE660BED778EE9 /* DaGymWatchApp.swift */ = {isa = PBXFileReference; lastKnownFileType = sourcecode.swift; path = DaGymWatchApp.swift; sourceTree = "<group>"; };
		11029A7078E7CC7D8CE87277 /* GymCore */ = {isa = PBXFileReference; lastKnownFileType = folder; name = GymCore; path = GymCore; sourceTree = SOURCE_ROOT; };
		166B7D3BC36AE195104A378E /* SampleData.swift */ = {isa = PBXFileReference; lastKnownFileType = sourcecode.swift; path = SampleData.swift; sourceTree = "<group>"; };
		322B0B989D0342102B96A59D /* DaGym.app */ = {isa = PBXFileReference; includeInIndex = 0; lastKnownFileType = wrapper.application; path = DaGym.app; sourceTree = BUILT_PRODUCTS_DIR; };
		40B690236ABB129251ED597D /* BarlowCondensed-SemiBold.ttf */ = {isa = PBXFileReference; lastKnownFileType = file; path = "BarlowCondensed-SemiBold.ttf"; sourceTree = "<group>"; };
		55A8D8B20A6C8F10E1803F77 /* Barlow-Regular.ttf */ = {isa = PBXFileReference; lastKnownFileType = file; path = "Barlow-Regular.ttf"; sourceTree = "<group>"; };
		5A65323AA2A8D0AAF962C267 /* DGTabBar.swift */ = {isa = PBXFileReference; lastKnownFileType = sourcecode.swift; path = DGTabBar.swift; sourceTree = "<group>"; };
		5C002D0D22CF406F28CC32E8 /* ContentView.swift */ = {isa = PBXFileReference; lastKnownFileType = sourcecode.swift; path = ContentView.swift; sourceTree = "<group>"; };
		60467206A6445CF9C90A6AD0 /* BarlowCondensed-Bold.ttf */ = {isa = PBXFileReference; lastKnownFileType = file; path = "BarlowCondensed-Bold.ttf"; sourceTree = "<group>"; };
		63E53D41E32894768B328F1C /* Info.plist */ = {isa = PBXFileReference; lastKnownFileType = text.plist; path = Info.plist; sourceTree = "<group>"; };
		641F6C219560B1EE79055A92 /* DGLayout.swift */ = {isa = PBXFileReference; lastKnownFileType = sourcecode.swift; path = DGLayout.swift; sourceTree = "<group>"; };
		64E9F3AD2258DD495A1B01FE /* Models.swift */ = {isa = PBXFileReference; lastKnownFileType = sourcecode.swift; path = Models.swift; sourceTree = "<group>"; };
		67A0E9AB4CEB161542104FBD /* Barlow-SemiBold.ttf */ = {isa = PBXFileReference; lastKnownFileType = file; path = "Barlow-SemiBold.ttf"; sourceTree = "<group>"; };
		67DC1845FA4F32B5823BD72A /* Assets.xcassets */ = {isa = PBXFileReference; lastKnownFileType = folder.assetcatalog; path = Assets.xcassets; sourceTree = "<group>"; };
		6E798BFEA7AF9CEA9AD1F920 /* BarlowCondensed-ExtraBold.ttf */ = {isa = PBXFileReference; lastKnownFileType = file; path = "BarlowCondensed-ExtraBold.ttf"; sourceTree = "<group>"; };
		82BCDE3C6CF02D9AA5857791 /* OFL.txt */ = {isa = PBXFileReference; lastKnownFileType = text; path = OFL.txt; sourceTree = "<group>"; };
		8717531770A29F8325F2EB0B /* DaGymApp.swift */ = {isa = PBXFileReference; lastKnownFileType = sourcecode.swift; path = DaGymApp.swift; sourceTree = "<group>"; };
		98BF80AF0A9C7BEDF8FC2C99 /* DaGymWatch.app */ = {isa = PBXFileReference; explicitFileType = wrapper.application; includeInIndex = 0; path = DaGymWatch.app; sourceTree = BUILT_PRODUCTS_DIR; };
		9C8CC141FAAE481D83886ADA /* Barlow-Bold.ttf */ = {isa = PBXFileReference; lastKnownFileType = file; path = "Barlow-Bold.ttf"; sourceTree = "<group>"; };
		A5F5264082EE33C78A1AECC2 /* Glass.swift */ = {isa = PBXFileReference; lastKnownFileType = sourcecode.swift; path = Glass.swift; sourceTree = "<group>"; };
		A66BAEB912393A2A3B2744C0 /* DGFont.swift */ = {isa = PBXFileReference; lastKnownFileType = sourcecode.swift; path = DGFont.swift; sourceTree = "<group>"; };
		AD7CF01AF948943427CD1718 /* Controls.swift */ = {isa = PBXFileReference; lastKnownFileType = sourcecode.swift; path = Controls.swift; sourceTree = "<group>"; };
		B0057D72DD6F62004DFBE02A /* Info.plist */ = {isa = PBXFileReference; lastKnownFileType = text.plist; path = Info.plist; sourceTree = "<group>"; };
		B8352ACA24E037B67CD756DA /* WatchContentView.swift */ = {isa = PBXFileReference; lastKnownFileType = sourcecode.swift; path = WatchContentView.swift; sourceTree = "<group>"; };
		B9F94746A4C81740E6F1A24A /* DGColor.swift */ = {isa = PBXFileReference; lastKnownFileType = sourcecode.swift; path = DGColor.swift; sourceTree = "<group>"; };
		BD8384C78B1EC97C53FFD465 /* DaGymTests.xctest */ = {isa = PBXFileReference; includeInIndex = 0; lastKnownFileType = wrapper.cfbundle; path = DaGymTests.xctest; sourceTree = BUILT_PRODUCTS_DIR; };
		CAF685AA57AB8FDB563F9AD5 /* Assets.xcassets */ = {isa = PBXFileReference; lastKnownFileType = folder.assetcatalog; path = Assets.xcassets; sourceTree = "<group>"; };
		E1913909E9F20F14DFB2B72E /* Barlow-Medium.ttf */ = {isa = PBXFileReference; lastKnownFileType = file; path = "Barlow-Medium.ttf"; sourceTree = "<group>"; };
		EA759CCC6F79FAA7D158DD99 /* DaGymTests.swift */ = {isa = PBXFileReference; lastKnownFileType = sourcecode.swift; path = DaGymTests.swift; sourceTree = "<group>"; };
		ECA0C63E34DD9511EA871B10 /* BodyMapView.swift */ = {isa = PBXFileReference; lastKnownFileType = sourcecode.swift; path = BodyMapView.swift; sourceTree = "<group>"; };
		F08C900454CF8A87465BFA4C /* Haptics.swift */ = {isa = PBXFileReference; lastKnownFileType = sourcecode.swift; path = Haptics.swift; sourceTree = "<group>"; };
/* End PBXFileReference section */

/* Begin PBXFrameworksBuildPhase section */
		BC5F88364B85986BC04136F6 /* Frameworks */ = {
			isa = PBXFrameworksBuildPhase;
			buildActionMask = 2147483647;
			files = (
				8F182B68EC2671F761D5FFF7 /* GymCore in Frameworks */,
			);
			runOnlyForDeploymentPostprocessing = 0;
		};
		F5C8FC1B117F1474A1F564FA /* Frameworks */ = {
			isa = PBXFrameworksBuildPhase;
			buildActionMask = 2147483647;
			files = (
				50DC855A808D96A7AD0FE0A5 /* GymCore in Frameworks */,
			);
			runOnlyForDeploymentPostprocessing = 0;
		};
/* End PBXFrameworksBuildPhase section */

/* Begin PBXGroup section */
		090235F3C7F51656632D8732 /* Resources */ = {
			isa = PBXGroup;
			children = (
				E3340F755B84F1E97BB141A7 /* Fonts */,
				67DC1845FA4F32B5823BD72A /* Assets.xcassets */,
			);
			path = Resources;
			sourceTree = "<group>";
		};
		1AE5A08240428F9599E32661 /* Features */ = {
			isa = PBXGroup;
			children = (
			);
			path = Features;
			sourceTree = "<group>";
		};
		2DF3B180F082084095D33C66 /* Resources */ = {
			isa = PBXGroup;
			children = (
				CAF685AA57AB8FDB563F9AD5 /* Assets.xcassets */,
			);
			path = Resources;
			sourceTree = "<group>";
		};
		5B8F97FF1C4811828AB5858B /* Products */ = {
			isa = PBXGroup;
			children = (
				322B0B989D0342102B96A59D /* DaGym.app */,
				BD8384C78B1EC97C53FFD465 /* DaGymTests.xctest */,
				98BF80AF0A9C7BEDF8FC2C99 /* DaGymWatch.app */,
			);
			name = Products;
			sourceTree = "<group>";
		};
		5BA6836BFDB1455B74BE635C /* SampleData */ = {
			isa = PBXGroup;
			children = (
				64E9F3AD2258DD495A1B01FE /* Models.swift */,
				166B7D3BC36AE195104A378E /* SampleData.swift */,
			);
			path = SampleData;
			sourceTree = "<group>";
		};
		7B0805A6AC6A9E9FEF72E733 /* DaGym */ = {
			isa = PBXGroup;
			children = (
				F17F5097FE0164EE293D0B9F /* App */,
				C81205D6B4267B34725C7A57 /* Design */,
				1AE5A08240428F9599E32661 /* Features */,
				090235F3C7F51656632D8732 /* Resources */,
				5BA6836BFDB1455B74BE635C /* SampleData */,
				B0057D72DD6F62004DFBE02A /* Info.plist */,
			);
			path = DaGym;
			sourceTree = "<group>";
		};
		9444B0C11C83DAD20FA82EDE /* DaGymTests */ = {
			isa = PBXGroup;
			children = (
				EA759CCC6F79FAA7D158DD99 /* DaGymTests.swift */,
			);
			path = DaGymTests;
			sourceTree = "<group>";
		};
		98CB168022C6AF6F7127F9A3 /* DaGymWatch */ = {
			isa = PBXGroup;
			children = (
				B62BC1FF73FFD3FE9C0BB57B /* App */,
				2DF3B180F082084095D33C66 /* Resources */,
				63E53D41E32894768B328F1C /* Info.plist */,
			);
			path = DaGymWatch;
			sourceTree = "<group>";
		};
		AACFC0A8E9E1A8EA5D607775 = {
			isa = PBXGroup;
			children = (
				7B0805A6AC6A9E9FEF72E733 /* DaGym */,
				9444B0C11C83DAD20FA82EDE /* DaGymTests */,
				98CB168022C6AF6F7127F9A3 /* DaGymWatch */,
				C48F85F0F6BA28C94EB68D5B /* Packages */,
				5B8F97FF1C4811828AB5858B /* Products */,
			);
			sourceTree = "<group>";
		};
		B62BC1FF73FFD3FE9C0BB57B /* App */ = {
			isa = PBXGroup;
			children = (
				0FC8CDB0B5EE660BED778EE9 /* DaGymWatchApp.swift */,
				B8352ACA24E037B67CD756DA /* WatchContentView.swift */,
			);
			path = App;
			sourceTree = "<group>";
		};
		C48F85F0F6BA28C94EB68D5B /* Packages */ = {
			isa = PBXGroup;
			children = (
				11029A7078E7CC7D8CE87277 /* GymCore */,
			);
			name = Packages;
			sourceTree = "<group>";
		};
		C81205D6B4267B34725C7A57 /* Design */ = {
			isa = PBXGroup;
			children = (
				E7658B1272CBA1830D645E5D /* Components */,
				B9F94746A4C81740E6F1A24A /* DGColor.swift */,
				A66BAEB912393A2A3B2744C0 /* DGFont.swift */,
				641F6C219560B1EE79055A92 /* DGLayout.swift */,
				A5F5264082EE33C78A1AECC2 /* Glass.swift */,
				F08C900454CF8A87465BFA4C /* Haptics.swift */,
			);
			path = Design;
			sourceTree = "<group>";
		};
		E3340F755B84F1E97BB141A7 /* Fonts */ = {
			isa = PBXGroup;
			children = (
				9C8CC141FAAE481D83886ADA /* Barlow-Bold.ttf */,
				E1913909E9F20F14DFB2B72E /* Barlow-Medium.ttf */,
				55A8D8B20A6C8F10E1803F77 /* Barlow-Regular.ttf */,
				67A0E9AB4CEB161542104FBD /* Barlow-SemiBold.ttf */,
				60467206A6445CF9C90A6AD0 /* BarlowCondensed-Bold.ttf */,
				6E798BFEA7AF9CEA9AD1F920 /* BarlowCondensed-ExtraBold.ttf */,
				40B690236ABB129251ED597D /* BarlowCondensed-SemiBold.ttf */,
				82BCDE3C6CF02D9AA5857791 /* OFL.txt */,
			);
			path = Fonts;
			sourceTree = "<group>";
		};
		E7658B1272CBA1830D645E5D /* Components */ = {
			isa = PBXGroup;
			children = (
				ECA0C63E34DD9511EA871B10 /* BodyMapView.swift */,
				AD7CF01AF948943427CD1718 /* Controls.swift */,
				5A65323AA2A8D0AAF962C267 /* DGTabBar.swift */,
			);
			path = Components;
			sourceTree = "<group>";
		};
		F17F5097FE0164EE293D0B9F /* App */ = {
			isa = PBXGroup;
			children = (
				5C002D0D22CF406F28CC32E8 /* ContentView.swift */,
				8717531770A29F8325F2EB0B /* DaGymApp.swift */,
			);
			path = App;
			sourceTree = "<group>";
		};
/* End PBXGroup section */

/* Begin PBXNativeTarget section */
		47425627A40A2C4C2F78DE64 /* DaGym */ = {
			isa = PBXNativeTarget;
			buildConfigurationList = 83EAEB6ECB8A34ACC4F3938B /* Build configuration list for PBXNativeTarget "DaGym" */;
			buildPhases = (
				C27CB8B2E1BFC3B5EA61CD49 /* Sources */,
				90EF4B451104AABC166F101C /* Resources */,
				BC5F88364B85986BC04136F6 /* Frameworks */,
			);
			buildRules = (
			);
			dependencies = (
			);
			name = DaGym;
			packageProductDependencies = (
				C60FDF5056E3A84A5E1E1D8A /* GymCore */,
			);
			productName = DaGym;
			productReference = 322B0B989D0342102B96A59D /* DaGym.app */;
			productType = "com.apple.product-type.application";
		};
		CF2F9148AFBC59FC7FEA76F9 /* DaGymTests */ = {
			isa = PBXNativeTarget;
			buildConfigurationList = F0C3D64C39EDE8FA7E2FD82F /* Build configuration list for PBXNativeTarget "DaGymTests" */;
			buildPhases = (
				BD2CD9457F87C3E71C11B0F6 /* Sources */,
			);
			buildRules = (
			);
			dependencies = (
				28E09B6238B3463DE31DF1D0 /* PBXTargetDependency */,
			);
			name = DaGymTests;
			packageProductDependencies = (
			);
			productName = DaGymTests;
			productReference = BD8384C78B1EC97C53FFD465 /* DaGymTests.xctest */;
			productType = "com.apple.product-type.bundle.unit-test";
		};
		E7A5CBE51070090C17C18B6E /* DaGymWatch */ = {
			isa = PBXNativeTarget;
			buildConfigurationList = 8283A4ED6C53134AA171D8CC /* Build configuration list for PBXNativeTarget "DaGymWatch" */;
			buildPhases = (
				8FCF9F70974E2A62AF82B984 /* Sources */,
				F8F8B8DEA14571812F1ADFE3 /* Resources */,
				F5C8FC1B117F1474A1F564FA /* Frameworks */,
			);
			buildRules = (
			);
			dependencies = (
			);
			name = DaGymWatch;
			packageProductDependencies = (
				B5415C7A871FCDE9EF5B9F89 /* GymCore */,
			);
			productName = DaGymWatch;
			productReference = 98BF80AF0A9C7BEDF8FC2C99 /* DaGymWatch.app */;
			productType = "com.apple.product-type.application";
		};
/* End PBXNativeTarget section */

/* Begin PBXProject section */
		F194ECFF5A29CCD2B94E11CB /* Project object */ = {
			isa = PBXProject;
			attributes = {
				BuildIndependentTargetsInParallel = YES;
				LastUpgradeCheck = 2660;
				TargetAttributes = {
					47425627A40A2C4C2F78DE64 = {
						DevelopmentTeam = 5AF2LBU5A3;
						ProvisioningStyle = Automatic;
					};
					CF2F9148AFBC59FC7FEA76F9 = {
						DevelopmentTeam = 5AF2LBU5A3;
						ProvisioningStyle = Automatic;
					};
					E7A5CBE51070090C17C18B6E = {
						DevelopmentTeam = 5AF2LBU5A3;
						ProvisioningStyle = Automatic;
					};
				};
			};
			buildConfigurationList = 518A7A3658A2953BCA9F3C89 /* Build configuration list for PBXProject "DaGym" */;
			developmentRegion = en;
			hasScannedForEncodings = 0;
			knownRegions = (
				Base,
				en,
			);
			mainGroup = AACFC0A8E9E1A8EA5D607775;
			minimizedProjectReferenceProxies = 1;
			packageReferences = (
				5DAF13DC292950DDBD8D686F /* XCLocalSwiftPackageReference "GymCore" */,
			);
			preferredProjectObjectVersion = 77;
			productRefGroup = 5B8F97FF1C4811828AB5858B /* Products */;
			projectDirPath = "";
			projectRoot = "";
			targets = (
				47425627A40A2C4C2F78DE64 /* DaGym */,
				CF2F9148AFBC59FC7FEA76F9 /* DaGymTests */,
				E7A5CBE51070090C17C18B6E /* DaGymWatch */,
			);
		};
/* End PBXProject section */

/* Begin PBXResourcesBuildPhase section */
		90EF4B451104AABC166F101C /* Resources */ = {
			isa = PBXResourcesBuildPhase;
			buildActionMask = 2147483647;
			files = (
				8E1ED2BE6E4A6E0B7F1525E1 /* Assets.xcassets in Resources */,
				F21D4206F1BD3E031E4DF6D5 /* Barlow-Bold.ttf in Resources */,
				DAB404015B25B006B20F0619 /* Barlow-Medium.ttf in Resources */,
				91CD51D59489EE0FC6CA1BE7 /* Barlow-Regular.ttf in Resources */,
				94C887C6A8E11FE1820EC7A1 /* Barlow-SemiBold.ttf in Resources */,
				5DA484FE569EF325424E387E /* BarlowCondensed-Bold.ttf in Resources */,
				38B14308B51A4066F2383ADA /* BarlowCondensed-ExtraBold.ttf in Resources */,
				8FFDB83146CA8B260429B7A3 /* BarlowCondensed-SemiBold.ttf in Resources */,
				4D0D6CDD48CDFF24FEB4DFAF /* OFL.txt in Resources */,
			);
			runOnlyForDeploymentPostprocessing = 0;
		};
		F8F8B8DEA14571812F1ADFE3 /* Resources */ = {
			isa = PBXResourcesBuildPhase;
			buildActionMask = 2147483647;
			files = (
				099D98FB808E38DA7F0FFD64 /* Assets.xcassets in Resources */,
			);
			runOnlyForDeploymentPostprocessing = 0;
		};
/* End PBXResourcesBuildPhase section */

/* Begin PBXSourcesBuildPhase section */
		8FCF9F70974E2A62AF82B984 /* Sources */ = {
			isa = PBXSourcesBuildPhase;
			buildActionMask = 2147483647;
			files = (
				84666E469085E7E75C9971E8 /* DaGymWatchApp.swift in Sources */,
				39CC28E4F6C046B4071489BE /* WatchContentView.swift in Sources */,
			);
			runOnlyForDeploymentPostprocessing = 0;
		};
		BD2CD9457F87C3E71C11B0F6 /* Sources */ = {
			isa = PBXSourcesBuildPhase;
			buildActionMask = 2147483647;
			files = (
				EE318D2CDA56A53D5E29ED06 /* DaGymTests.swift in Sources */,
			);
			runOnlyForDeploymentPostprocessing = 0;
		};
		C27CB8B2E1BFC3B5EA61CD49 /* Sources */ = {
			isa = PBXSourcesBuildPhase;
			buildActionMask = 2147483647;
			files = (
				167D91BD7D4748AC426A7631 /* BodyMapView.swift in Sources */,
				2499EEF927F88D9ADA85F700 /* ContentView.swift in Sources */,
				BA280D6FFBF8584761C8A6BE /* Controls.swift in Sources */,
				909D0E38BB34805981050B5F /* DGColor.swift in Sources */,
				CABE4C283B7A7DCC85A55884 /* DGFont.swift in Sources */,
				C7EF9BF1031AB6055157FDDB /* DGLayout.swift in Sources */,
				0DAB9E031AB49B0302294E3A /* DGTabBar.swift in Sources */,
				70F5C53B2758041C1298E58D /* DaGymApp.swift in Sources */,
				B3A264761D9882D9FAC43297 /* Glass.swift in Sources */,
				295C59DD62EC46BD1E848294 /* Haptics.swift in Sources */,
				DA93FBEB402CE93D92E413C9 /* Models.swift in Sources */,
				2D1BD71AA79CEDAD5F868BAE /* SampleData.swift in Sources */,
			);
			runOnlyForDeploymentPostprocessing = 0;
		};
/* End PBXSourcesBuildPhase section */

/* Begin PBXTargetDependency section */
		28E09B6238B3463DE31DF1D0 /* PBXTargetDependency */ = {
			isa = PBXTargetDependency;
			target = 47425627A40A2C4C2F78DE64 /* DaGym */;
			targetProxy = E9A64868945CDCE4CD919BC6 /* PBXContainerItemProxy */;
		};
/* End PBXTargetDependency section */

/* Begin XCBuildConfiguration section */
		7CDEEEBCCE9592E1933B3C0A /* Debug */ = {
			isa = XCBuildConfiguration;
			buildSettings = {
				ALWAYS_SEARCH_USER_PATHS = NO;
				CLANG_ANALYZER_NONNULL = YES;
				CLANG_ANALYZER_NUMBER_OBJECT_CONVERSION = YES_AGGRESSIVE;
				CLANG_CXX_LANGUAGE_STANDARD = "gnu++14";
				CLANG_CXX_LIBRARY = "libc++";
				CLANG_ENABLE_MODULES = YES;
				CLANG_ENABLE_OBJC_ARC = YES;
				CLANG_ENABLE_OBJC_WEAK = YES;
				CLANG_WARN_BLOCK_CAPTURE_AUTORELEASING = YES;
				CLANG_WARN_BOOL_CONVERSION = YES;
				CLANG_WARN_COMMA = YES;
				CLANG_WARN_CONSTANT_CONVERSION = YES;
				CLANG_WARN_DEPRECATED_OBJC_IMPLEMENTATIONS = YES;
				CLANG_WARN_DIRECT_OBJC_ISA_USAGE = YES_ERROR;
				CLANG_WARN_DOCUMENTATION_COMMENTS = YES;
				CLANG_WARN_EMPTY_BODY = YES;
				CLANG_WARN_ENUM_CONVERSION = YES;
				CLANG_WARN_INFINITE_RECURSION = YES;
				CLANG_WARN_INT_CONVERSION = YES;
				CLANG_WARN_NON_LITERAL_NULL_CONVERSION = YES;
				CLANG_WARN_OBJC_IMPLICIT_RETAIN_SELF = YES;
				CLANG_WARN_OBJC_LITERAL_CONVERSION = YES;
				CLANG_WARN_OBJC_ROOT_CLASS = YES_ERROR;
				CLANG_WARN_QUOTED_INCLUDE_IN_FRAMEWORK_HEADER = YES;
				CLANG_WARN_RANGE_LOOP_ANALYSIS = YES;
				CLANG_WARN_STRICT_PROTOTYPES = YES;
				CLANG_WARN_SUSPICIOUS_MOVE = YES;
				CLANG_WARN_UNGUARDED_AVAILABILITY = YES_AGGRESSIVE;
				CLANG_WARN_UNREACHABLE_CODE = YES;
				CLANG_WARN__DUPLICATE_METHOD_MATCH = YES;
				CODE_SIGN_STYLE = Automatic;
				COPY_PHASE_STRIP = NO;
				DEBUG_INFORMATION_FORMAT = dwarf;
				DEVELOPMENT_TEAM = 5AF2LBU5A3;
				ENABLE_STRICT_OBJC_MSGSEND = YES;
				ENABLE_TESTABILITY = YES;
				ENABLE_USER_SCRIPT_SANDBOXING = YES;
				GCC_C_LANGUAGE_STANDARD = gnu11;
				GCC_DYNAMIC_NO_PIC = NO;
				GCC_NO_COMMON_BLOCKS = YES;
				GCC_OPTIMIZATION_LEVEL = 0;
				GCC_PREPROCESSOR_DEFINITIONS = (
					"$(inherited)",
					"DEBUG=1",
				);
				GCC_TREAT_WARNINGS_AS_ERRORS = YES;
				GCC_WARN_64_TO_32_BIT_CONVERSION = YES;
				GCC_WARN_ABOUT_RETURN_TYPE = YES_ERROR;
				GCC_WARN_UNDECLARED_SELECTOR = YES;
				GCC_WARN_UNINITIALIZED_AUTOS = YES_AGGRESSIVE;
				GCC_WARN_UNUSED_FUNCTION = YES;
				GCC_WARN_UNUSED_VARIABLE = YES;
				IPHONEOS_DEPLOYMENT_TARGET = 26.0;
				MTL_ENABLE_DEBUG_INFO = INCLUDE_SOURCE;
				MTL_FAST_MATH = YES;
				ONLY_ACTIVE_ARCH = YES;
				PRODUCT_NAME = "$(TARGET_NAME)";
				STRING_CATALOG_GENERATE_SYMBOLS = YES;
				SWIFT_ACTIVE_COMPILATION_CONDITIONS = DEBUG;
				SWIFT_OPTIMIZATION_LEVEL = "-Onone";
				SWIFT_STRICT_CONCURRENCY = complete;
				SWIFT_TREAT_WARNINGS_AS_ERRORS = YES;
				SWIFT_VERSION = 6.0;
				WATCHOS_DEPLOYMENT_TARGET = 26.0;
			};
			name = Debug;
		};
		974AEDCF9722146A61647E00 /* Release */ = {
			isa = XCBuildConfiguration;
			buildSettings = {
				ALWAYS_SEARCH_USER_PATHS = NO;
				CLANG_ANALYZER_NONNULL = YES;
				CLANG_ANALYZER_NUMBER_OBJECT_CONVERSION = YES_AGGRESSIVE;
				CLANG_CXX_LANGUAGE_STANDARD = "gnu++14";
				CLANG_CXX_LIBRARY = "libc++";
				CLANG_ENABLE_MODULES = YES;
				CLANG_ENABLE_OBJC_ARC = YES;
				CLANG_ENABLE_OBJC_WEAK = YES;
				CLANG_WARN_BLOCK_CAPTURE_AUTORELEASING = YES;
				CLANG_WARN_BOOL_CONVERSION = YES;
				CLANG_WARN_COMMA = YES;
				CLANG_WARN_CONSTANT_CONVERSION = YES;
				CLANG_WARN_DEPRECATED_OBJC_IMPLEMENTATIONS = YES;
				CLANG_WARN_DIRECT_OBJC_ISA_USAGE = YES_ERROR;
				CLANG_WARN_DOCUMENTATION_COMMENTS = YES;
				CLANG_WARN_EMPTY_BODY = YES;
				CLANG_WARN_ENUM_CONVERSION = YES;
				CLANG_WARN_INFINITE_RECURSION = YES;
				CLANG_WARN_INT_CONVERSION = YES;
				CLANG_WARN_NON_LITERAL_NULL_CONVERSION = YES;
				CLANG_WARN_OBJC_IMPLICIT_RETAIN_SELF = YES;
				CLANG_WARN_OBJC_LITERAL_CONVERSION = YES;
				CLANG_WARN_OBJC_ROOT_CLASS = YES_ERROR;
				CLANG_WARN_QUOTED_INCLUDE_IN_FRAMEWORK_HEADER = YES;
				CLANG_WARN_RANGE_LOOP_ANALYSIS = YES;
				CLANG_WARN_STRICT_PROTOTYPES = YES;
				CLANG_WARN_SUSPICIOUS_MOVE = YES;
				CLANG_WARN_UNGUARDED_AVAILABILITY = YES_AGGRESSIVE;
				CLANG_WARN_UNREACHABLE_CODE = YES;
				CLANG_WARN__DUPLICATE_METHOD_MATCH = YES;
				CODE_SIGN_STYLE = Automatic;
				COPY_PHASE_STRIP = NO;
				DEBUG_INFORMATION_FORMAT = "dwarf-with-dsym";
				DEVELOPMENT_TEAM = 5AF2LBU5A3;
				ENABLE_NS_ASSERTIONS = NO;
				ENABLE_STRICT_OBJC_MSGSEND = YES;
				ENABLE_USER_SCRIPT_SANDBOXING = YES;
				GCC_C_LANGUAGE_STANDARD = gnu11;
				GCC_NO_COMMON_BLOCKS = YES;
				GCC_TREAT_WARNINGS_AS_ERRORS = YES;
				GCC_WARN_64_TO_32_BIT_CONVERSION = YES;
				GCC_WARN_ABOUT_RETURN_TYPE = YES_ERROR;
				GCC_WARN_UNDECLARED_SELECTOR = YES;
				GCC_WARN_UNINITIALIZED_AUTOS = YES_AGGRESSIVE;
				GCC_WARN_UNUSED_FUNCTION = YES;
				GCC_WARN_UNUSED_VARIABLE = YES;
				IPHONEOS_DEPLOYMENT_TARGET = 26.0;
				MTL_ENABLE_DEBUG_INFO = NO;
				MTL_FAST_MATH = YES;
				PRODUCT_NAME = "$(TARGET_NAME)";
				STRING_CATALOG_GENERATE_SYMBOLS = YES;
				SWIFT_COMPILATION_MODE = wholemodule;
				SWIFT_OPTIMIZATION_LEVEL = "-O";
				SWIFT_STRICT_CONCURRENCY = complete;
				SWIFT_TREAT_WARNINGS_AS_ERRORS = YES;
				SWIFT_VERSION = 6.0;
				WATCHOS_DEPLOYMENT_TARGET = 26.0;
			};
			name = Release;
		};
		A2734A370F51B0F2F74493C6 /* Release */ = {
			isa = XCBuildConfiguration;
			buildSettings = {
				BUNDLE_LOADER = "$(TEST_HOST)";
				GENERATE_INFOPLIST_FILE = YES;
				LD_RUNPATH_SEARCH_PATHS = (
					"$(inherited)",
					"@executable_path/Frameworks",
					"@loader_path/Frameworks",
				);
				PRODUCT_BUNDLE_IDENTIFIER = dev.abdirahmanmohamed.dagym.tests;
				SDKROOT = iphoneos;
				TARGETED_DEVICE_FAMILY = "1,2";
				TEST_HOST = "$(BUILT_PRODUCTS_DIR)/DaGym.app/DaGym";
			};
			name = Release;
		};
		B5ECEFEF027394AC607BDBC8 /* Debug */ = {
			isa = XCBuildConfiguration;
			buildSettings = {
				BUNDLE_LOADER = "$(TEST_HOST)";
				GENERATE_INFOPLIST_FILE = YES;
				LD_RUNPATH_SEARCH_PATHS = (
					"$(inherited)",
					"@executable_path/Frameworks",
					"@loader_path/Frameworks",
				);
				PRODUCT_BUNDLE_IDENTIFIER = dev.abdirahmanmohamed.dagym.tests;
				SDKROOT = iphoneos;
				TARGETED_DEVICE_FAMILY = "1,2";
				TEST_HOST = "$(BUILT_PRODUCTS_DIR)/DaGym.app/DaGym";
			};
			name = Debug;
		};
		D3BBF021EDD252A839D002A7 /* Debug */ = {
			isa = XCBuildConfiguration;
			buildSettings = {
				ASSETCATALOG_COMPILER_APPICON_NAME = AppIcon;
				ASSETCATALOG_COMPILER_GLOBAL_ACCENT_COLOR_NAME = AccentColor;
				CODE_SIGN_IDENTITY = "iPhone Developer";
				CURRENT_PROJECT_VERSION = 1;
				GENERATE_INFOPLIST_FILE = NO;
				INFOPLIST_FILE = DaGym/Info.plist;
				LD_RUNPATH_SEARCH_PATHS = (
					"$(inherited)",
					"@executable_path/Frameworks",
				);
				MARKETING_VERSION = 0.1.0;
				PRODUCT_BUNDLE_IDENTIFIER = dev.abdirahmanmohamed.dagym;
				PRODUCT_NAME = DaGym;
				SDKROOT = iphoneos;
				SUPPORTS_MACCATALYST = NO;
				SUPPORTS_MAC_DESIGNED_FOR_IPHONE_IPAD = NO;
				TARGETED_DEVICE_FAMILY = 1;
			};
			name = Debug;
		};
		EC110D5B42B70BB47B0A5BA5 /* Debug */ = {
			isa = XCBuildConfiguration;
			buildSettings = {
				ASSETCATALOG_COMPILER_APPICON_NAME = AppIcon;
				CURRENT_PROJECT_VERSION = 1;
				GENERATE_INFOPLIST_FILE = NO;
				INFOPLIST_FILE = DaGymWatch/Info.plist;
				MARKETING_VERSION = 0.1.0;
				PRODUCT_BUNDLE_IDENTIFIER = dev.abdirahmanmohamed.dagym.watchkitapp;
				PRODUCT_NAME = DaGym;
				SDKROOT = watchos;
				SKIP_INSTALL = YES;
				TARGETED_DEVICE_FAMILY = 4;
			};
			name = Debug;
		};
		EC371BDEE582981FA9C5EC15 /* Release */ = {
			isa = XCBuildConfiguration;
			buildSettings = {
				ASSETCATALOG_COMPILER_APPICON_NAME = AppIcon;
				ASSETCATALOG_COMPILER_GLOBAL_ACCENT_COLOR_NAME = AccentColor;
				CODE_SIGN_IDENTITY = "iPhone Developer";
				CURRENT_PROJECT_VERSION = 1;
				GENERATE_INFOPLIST_FILE = NO;
				INFOPLIST_FILE = DaGym/Info.plist;
				LD_RUNPATH_SEARCH_PATHS = (
					"$(inherited)",
					"@executable_path/Frameworks",
				);
				MARKETING_VERSION = 0.1.0;
				PRODUCT_BUNDLE_IDENTIFIER = dev.abdirahmanmohamed.dagym;
				PRODUCT_NAME = DaGym;
				SDKROOT = iphoneos;
				SUPPORTS_MACCATALYST = NO;
				SUPPORTS_MAC_DESIGNED_FOR_IPHONE_IPAD = NO;
				TARGETED_DEVICE_FAMILY = 1;
			};
			name = Release;
		};
		FF12F61E384ADFC331BDC8BE /* Release */ = {
			isa = XCBuildConfiguration;
			buildSettings = {
				ASSETCATALOG_COMPILER_APPICON_NAME = AppIcon;
				CURRENT_PROJECT_VERSION = 1;
				GENERATE_INFOPLIST_FILE = NO;
				INFOPLIST_FILE = DaGymWatch/Info.plist;
				MARKETING_VERSION = 0.1.0;
				PRODUCT_BUNDLE_IDENTIFIER = dev.abdirahmanmohamed.dagym.watchkitapp;
				PRODUCT_NAME = DaGym;
				SDKROOT = watchos;
				SKIP_INSTALL = YES;
				TARGETED_DEVICE_FAMILY = 4;
			};
			name = Release;
		};
/* End XCBuildConfiguration section */

/* Begin XCConfigurationList section */
		518A7A3658A2953BCA9F3C89 /* Build configuration list for PBXProject "DaGym" */ = {
			isa = XCConfigurationList;
			buildConfigurations = (
				7CDEEEBCCE9592E1933B3C0A /* Debug */,
				974AEDCF9722146A61647E00 /* Release */,
			);
			defaultConfigurationIsVisible = 0;
			defaultConfigurationName = Debug;
		};
		8283A4ED6C53134AA171D8CC /* Build configuration list for PBXNativeTarget "DaGymWatch" */ = {
			isa = XCConfigurationList;
			buildConfigurations = (
				EC110D5B42B70BB47B0A5BA5 /* Debug */,
				FF12F61E384ADFC331BDC8BE /* Release */,
			);
			defaultConfigurationIsVisible = 0;
			defaultConfigurationName = Debug;
		};
		83EAEB6ECB8A34ACC4F3938B /* Build configuration list for PBXNativeTarget "DaGym" */ = {
			isa = XCConfigurationList;
			buildConfigurations = (
				D3BBF021EDD252A839D002A7 /* Debug */,
				EC371BDEE582981FA9C5EC15 /* Release */,
			);
			defaultConfigurationIsVisible = 0;
			defaultConfigurationName = Debug;
		};
		F0C3D64C39EDE8FA7E2FD82F /* Build configuration list for PBXNativeTarget "DaGymTests" */ = {
			isa = XCConfigurationList;
			buildConfigurations = (
				B5ECEFEF027394AC607BDBC8 /* Debug */,
				A2734A370F51B0F2F74493C6 /* Release */,
			);
			defaultConfigurationIsVisible = 0;
			defaultConfigurationName = Debug;
		};
/* End XCConfigurationList section */

/* Begin XCLocalSwiftPackageReference section */
		5DAF13DC292950DDBD8D686F /* XCLocalSwiftPackageReference "GymCore" */ = {
			isa = XCLocalSwiftPackageReference;
			relativePath = GymCore;
		};
/* End XCLocalSwiftPackageReference section */

/* Begin XCSwiftPackageProductDependency section */
		B5415C7A871FCDE9EF5B9F89 /* GymCore */ = {
			isa = XCSwiftPackageProductDependency;
			productName = GymCore;
		};
		C60FDF5056E3A84A5E1E1D8A /* GymCore */ = {
			isa = XCSwiftPackageProductDependency;
			productName = GymCore;
		};
/* End XCSwiftPackageProductDependency section */
	};
	rootObject = F194ECFF5A29CCD2B94E11CB /* Project object */;
}
